// !$*UTF8*$!
{
	archiveVersion = 1;
	classes = {
	};
	objectVersion = 46;
	objects = {

/* Begin PBXBuildFile section */
		BC3FABFA1D73021B00DDC1A1 /* main.m in Sources */ = {isa = PBXBuildFile; fileRef = BC3FABF91D73021B00DDC1A1 /* main.m */; };
		BC3FABFD1D73021B00DDC1A1 /* AppDelegate.m in Sources */ = {isa = PBXBuildFile; fileRef = BC3FABFC1D73021B00DDC1A1 /* AppDelegate.m */; };
		BC3FAC001D73021B00DDC1A1 /* ViewController.m in Sources */ = {isa = PBXBuildFile; fileRef = BC3FABFF1D73021B00DDC1A1 /* ViewController.m */; };
		BC3FAC031D73021B00DDC1A1 /* Main.storyboard in Resources */ = {isa = PBXBuildFile; fileRef = BC3FAC011D73021B00DDC1A1 /* Main.storyboard */; };
		BC3FAC051D73021B00DDC1A1 /* Assets.xcassets in Resources */ = {isa = PBXBuildFile; fileRef = BC3FAC041D73021B00DDC1A1 /* Assets.xcassets */; };
		BC3FAC081D73021B00DDC1A1 /* LaunchScreen.storyboard in Resources */ = {isa = PBXBuildFile; fileRef = BC3FAC061D73021B00DDC1A1 /* LaunchScreen.storyboard */; };
		BC3FAC131D73021B00DDC1A1 /* UI___11_________Tests.m in Sources */ = {isa = PBXBuildFile; fileRef = BC3FAC121D73021B00DDC1A1 /* UI___11_________Tests.m */; };
		BC3FAC1E1D73021B00DDC1A1 /* UI___11_________UITests.m in Sources */ = {isa = PBXBuildFile; fileRef = BC3FAC1D1D73021B00DDC1A1 /* UI___11_________UITests.m */; };
/* End PBXBuildFile section */

/* Begin PBXContainerItemProxy section */
		BC3FAC0F1D73021B00DDC1A1 /* PBXContainerItemProxy */ = {
			isa = PBXContainerItemProxy;
			containerPortal = BC3FABED1D73021B00DDC1A1 /* Project object */;
			proxyType = 1;
			remoteGlobalIDString = BC3FABF41D73021B00DDC1A1;
			remoteInfo = "UI进阶-11-抽屉效果简单实现";
		};
		BC3FAC1A1D73021B00DDC1A1 /* PBXContainerItemProxy */ = {
			isa = PBXContainerItemProxy;
			containerPortal = BC3FABED1D73021B00DDC1A1 /* Project object */;
			proxyType = 1;
			remoteGlobalIDString = BC3FABF41D73021B00DDC1A1;
			remoteInfo = "UI进阶-11-抽屉效果简单实现";
		};
/* End PBXContainerItemProxy section */

/* Begin PBXFileReference section */
		BC3FABF51D73021B00DDC1A1 /* UI进阶-11-抽屉效果简单实现.app */ = {isa = PBXFileReference; explicitFileType = wrapper.application; includeInIndex = 0; path = "UI进阶-11-抽屉效果简单实现.app"; sourceTree = BUILT_PRODUCTS_DIR; };
		BC3FABF91D73021B00DDC1A1 /* main.m */ = {isa = PBXFileReference; lastKnownFileType = sourcecode.c.objc; path = main.m; sourceTree = "<group>"; };
		BC3FABFB1D73021B00DDC1A1 /* AppDelegate.h */ = {isa = PBXFileReference; lastKnownFileType = sourcecode.c.h; path = AppDelegate.h; sourceTree = "<group>"; };
		BC3FABFC1D73021B00DDC1A1 /* AppDelegate.m */ = {isa = PBXFileReference; lastKnownFileType = sourcecode.c.objc; path = AppDelegate.m; sourceTree = "<group>"; };
		BC3FABFE1D73021B00DDC1A1 /* ViewController.h */ = {isa = PBXFileReference; lastKnownFileType = sourcecode.c.h; path = ViewController.h; sourceTree = "<group>"; };
		BC3FABFF1D73021B00DDC1A1 /* ViewController.m */ = {isa = PBXFileReference; lastKnownFileType = sourcecode.c.objc; path = ViewController.m; sourceTree = "<group>"; };
		BC3FAC021D73021B00DDC1A1 /* Base */ = {isa = PBXFileReference; lastKnownFileType = file.storyboard; name = Base; path = Base.lproj/Main.storyboard; sourceTree = "<group>"; };
		BC3FAC041D73021B00DDC1A1 /* Assets.xcassets */ = {isa = PBXFileReference; lastKnownFileType = folder.assetcatalog; path = Assets.xcassets; sourceTree = "<group>"; };
		BC3FAC071D73021B00DDC1A1 /* Base */ = {isa = PBXFileReference; lastKnownFileType = file.storyboard; name = Base; path = Base.lproj/LaunchScreen.storyboard; sourceTree = "<group>"; };
		BC3FAC091D73021B00DDC1A1 /* Info.plist */ = {isa = PBXFileReference; lastKnownFileType = text.plist.xml; path = Info.plist; sourceTree = "<group>"; };
		BC3FAC0E1D73021B00DDC1A1 /* UI进阶-11-抽屉效果简单实现Tests.xctest */ = {isa = PBXFileReference; explicitFileType = wrapper.cfbundle; includeInIndex = 0; path = "UI进阶-11-抽屉效果简单实现Tests.xctest"; sourceTree = BUILT_PRODUCTS_DIR; };
		BC3FAC121D73021B00DDC1A1 /* UI___11_________Tests.m */ = {isa = PBXFileReference; lastKnownFileType = sourcecode.c.objc; path = "UI___11_________Tests.m"; sourceTree = "<group>"; };
		BC3FAC141D73021B00DDC1A1 /* Info.plist */ = {isa = PBXFileReference; lastKnownFileType = text.plist.xml; path = Info.plist; sourceTree = "<group>"; };
		BC3FAC191D73021B00DDC1A1 /* UI进阶-11-抽屉效果简单实现UITests.xctest */ = {isa = PBXFileReference; explicitFileType = wrapper.cfbundle; includeInIndex = 0; path = "UI进阶-11-抽屉效果简单实现UITests.xctest"; sourceTree = BUILT_PRODUCTS_DIR; };
		BC3FAC1D1D73021B00DDC1A1 /* UI___11_________UITests.m */ = {isa = PBXFileReference; lastKnownFileType = sourcecode.c.objc; path = "UI___11_________UITests.m"; sourceTree = "<group>"; };
		BC3FAC1F1D73021B00DDC1A1 /* Info.plist */ = {isa = PBXFileReference; lastKnownFileType = text.plist.xml; path = Info.plist; sourceTree = "<group>"; };
/* End PBXFileReference section */

/* Begin PBXFrameworksBuildPhase section */
		BC3FABF21D73021B00DDC1A1 /* Frameworks */ = {
			isa = PBXFrameworksBuildPhase;
			buildActionMask = 2147483647;
			files = (
			);
			runOnlyForDeploymentPostprocessing = 0;
		};
		BC3FAC0B1D73021B00DDC1A1 /* Frameworks */ = {
			isa = PBXFrameworksBuildPhase;
			buildActionMask = 2147483647;
			files = (
			);
			runOnlyForDeploymentPostprocessing = 0;
		};
		BC3FAC161D73021B00DDC1A1 /* Frameworks */ = {
			isa = PBXFrameworksBuildPhase;
			buildActionMask = 2147483647;
			files = (
			);
			runOnlyForDeploymentPostprocessing = 0;
		};
/* End PBXFrameworksBuildPhase section */

/* Begin PBXGroup section */
		BC3FABEC1D73021B00DDC1A1 = {
			isa = PBXGroup;
			children = (
				BC3FABF71D73021B00DDC1A1 /* UI进阶-11-抽屉效果简单实现 */,
				BC3FAC111D73021B00DDC1A1 /* UI进阶-11-抽屉效果简单实现Tests */,
				BC3FAC1C1D73021B00DDC1A1 /* UI进阶-11-抽屉效果简单实现UITests */,
				BC3FABF61D73021B00DDC1A1 /* Products */,
			);
			sourceTree = "<group>";
		};
		BC3FABF61D73021B00DDC1A1 /* Products */ = {
			isa = PBXGroup;
			children = (
				BC3FABF51D73021B00DDC1A1 /* UI进阶-11-抽屉效果简单实现.app */,
				BC3FAC0E1D73021B00DDC1A1 /* UI进阶-11-抽屉效果简单实现Tests.xctest */,
				BC3FAC191D73021B00DDC1A1 /* UI进阶-11-抽屉效果简单实现UITests.xctest */,
			);
			name = Products;
			sourceTree = "<group>";
		};
		BC3FABF71D73021B00DDC1A1 /* UI进阶-11-抽屉效果简单实现 */ = {
			isa = PBXGroup;
			children = (
				BC3FABFB1D73021B00DDC1A1 /* AppDelegate.h */,
				BC3FABFC1D73021B00DDC1A1 /* AppDelegate.m */,
				BC3FABFE1D73021B00DDC1A1 /* ViewController.h */,
				BC3FABFF1D73021B00DDC1A1 /* ViewController.m */,
				BC3FAC011D73021B00DDC1A1 /* Main.storyboard */,
				BC3FAC041D73021B00DDC1A1 /* Assets.xcassets */,
				BC3FAC061D73021B00DDC1A1 /* LaunchScreen.storyboard */,
				BC3FAC091D73021B00DDC1A1 /* Info.plist */,
				BC3FABF81D73021B00DDC1A1 /* Supporting Files */,
			);
			path = "UI进阶-11-抽屉效果简单实现";
			sourceTree = "<group>";
		};
		BC3FABF81D73021B00DDC1A1 /* Supporting Files */ = {
			isa = PBXGroup;
			children = (
				BC3FABF91D73021B00DDC1A1 /* main.m */,
			);
			name = "Supporting Files";
			sourceTree = "<group>";
		};
		BC3FAC111D73021B00DDC1A1 /* UI进阶-11-抽屉效果简单实现Tests */ = {
			isa = PBXGroup;
			children = (
				BC3FAC121D73021B00DDC1A1 /* UI___11_________Tests.m */,
				BC3FAC141D73021B00DDC1A1 /* Info.plist */,
			);
			path = "UI进阶-11-抽屉效果简单实现Tests";
			sourceTree = "<group>";
		};
		BC3FAC1C1D73021B00DDC1A1 /* UI进阶-11-抽屉效果简单实现UITests */ = {
			isa = PBXGroup;
			children = (
				BC3FAC1D1D73021B00DDC1A1 /* UI___11_________UITests.m */,
				BC3FAC1F1D73021B00DDC1A1 /* Info.plist */,
			);
			path = "UI进阶-11-抽屉效果简单实现UITests";
			sourceTree = "<group>";
		};
/* End PBXGroup section */

/* Begin PBXNativeTarget section */
		BC3FABF41D73021B00DDC1A1 /* UI进阶-11-抽屉效果简单实现 */ = {
			isa = PBXNativeTarget;
			buildConfigurationList = BC3FAC221D73021B00DDC1A1 /* Build configuration list for PBXNativeTarget "UI进阶-11-抽屉效果简单实现" */;
			buildPhases = (
				BC3FABF11D73021B00DDC1A1 /* Sources */,
				BC3FABF21D73021B00DDC1A1 /* Frameworks */,
				BC3FABF31D73021B00DDC1A1 /* Resources */,
			);
			buildRules = (
			);
			dependencies = (
			);
			name = "UI进阶-11-抽屉效果简单实现";
			productName = "UI进阶-11-抽屉效果简单实现";
			productReference = BC3FABF51D73021B00DDC1A1 /* UI进阶-11-抽屉效果简单实现.app */;
			productType = "com.apple.product-type.application";
		};
		BC3FAC0D1D73021B00DDC1A1 /* UI进阶-11-抽屉效果简单实现Tests */ = {
			isa = PBXNativeTarget;
			buildConfigurationList = BC3FAC251D73021B00DDC1A1 /* Build configuration list for PBXNativeTarget "UI进阶-11-抽屉效果简单实现Tests" */;
			buildPhases = (
				BC3FAC0A1D73021B00DDC1A1 /* Sources */,
				BC3FAC0B1D73021B00DDC1A1 /* Frameworks */,
				BC3FAC0C1D73021B00DDC1A1 /* Resources */,
			);
			buildRules = (
			);
			dependencies = (
				BC3FAC101D73021B00DDC1A1 /* PBXTargetDependency */,
			);
			name = "UI进阶-11-抽屉效果简单实现Tests";
			productName = "UI进阶-11-抽屉效果简单实现Tests";
			productReference = BC3FAC0E1D73021B00DDC1A1 /* UI进阶-11-抽屉效果简单实现Tests.xctest */;
			productType = "com.apple.product-type.bundle.unit-test";
		};
		BC3FAC181D73021B00DDC1A1 /* UI进阶-11-抽屉效果简单实现UITests */ = {
			isa = PBXNativeTarget;
			buildConfigurationList = BC3FAC281D73021B00DDC1A1 /* Build configuration list for PBXNativeTarget "UI进阶-11-抽屉效果简单实现UITests" */;
			buildPhases = (
				BC3FAC151D73021B00DDC1A1 /* Sources */,
				BC3FAC161D73021B00DDC1A1 /* Frameworks */,
				BC3FAC171D73021B00DDC1A1 /* Resources */,
			);
			buildRules = (
			);
			dependencies = (
				BC3FAC1B1D73021B00DDC1A1 /* PBXTargetDependency */,
			);
			name = "UI进阶-11-抽屉效果简单实现UITests";
			productName = "UI进阶-11-抽屉效果简单实现UITests";
			productReference = BC3FAC191D73021B00DDC1A1 /* UI进阶-11-抽屉效果简单实现UITests.xctest */;
			productType = "com.apple.product-type.bundle.ui-testing";
		};
/* End PBXNativeTarget section */

/* Begin PBXProject section */
		BC3FABED1D73021B00DDC1A1 /* Project object */ = {
			isa = PBXProject;
			attributes = {
				LastUpgradeCheck = 0730;
				ORGANIZATIONNAME = liser;
				TargetAttributes = {
					BC3FABF41D73021B00DDC1A1 = {
						CreatedOnToolsVersion = 7.3.1;
					};
					BC3FAC0D1D73021B00DDC1A1 = {
						CreatedOnToolsVersion = 7.3.1;
						TestTargetID = BC3FABF41D73021B00DDC1A1;
					};
					BC3FAC181D73021B00DDC1A1 = {
						CreatedOnToolsVersion = 7.3.1;
						TestTargetID = BC3FABF41D73021B00DDC1A1;
					};
				};
			};
			buildConfigurationList = BC3FABF01D73021B00DDC1A1 /* Build configuration list for PBXProject "UI进阶-11-抽屉效果简单实现" */;
			compatibilityVersion = "Xcode 3.2";
			developmentRegion = English;
			hasScannedForEncodings = 0;
			knownRegions = (
				en,
				Base,
			);
			mainGroup = BC3FABEC1D73021B00DDC1A1;
			productRefGroup = BC3FABF61D73021B00DDC1A1 /* Products */;
			projectDirPath = "";
			projectRoot = "";
			targets = (
				BC3FABF41D73021B00DDC1A1 /* UI进阶-11-抽屉效果简单实现 */,
				BC3FAC0D1D73021B00DDC1A1 /* UI进阶-11-抽屉效果简单实现Tests */,
				BC3FAC181D73021B00DDC1A1 /* UI进阶-11-抽屉效果简单实现UITests */,
			);
		};
/* End PBXProject section */

/* Begin PBXResourcesBuildPhase section */
		BC3FABF31D73021B00DDC1A1 /* Resources */ = {
			isa = PBXResourcesBuildPhase;
			buildActionMask = 2147483647;
			files = (
				BC3FAC081D73021B00DDC1A1 /* LaunchScreen.storyboard in Resources */,
				BC3FAC051D73021B00DDC1A1 /* Assets.xcassets in Resources */,
				BC3FAC031D73021B00DDC1A1 /* Main.storyboard in Resources */,
			);
			runOnlyForDeploymentPostprocessing = 0;
		};
		BC3FAC0C1D73021B00DDC1A1 /* Resources */ = {
			isa = PBXResourcesBuildPhase;
			buildActionMask = 2147483647;
			files = (
			);
			runOnlyForDeploymentPostprocessing = 0;
		};
		BC3FAC171D73021B00DDC1A1 /* Resources */ = {
			isa = PBXResourcesBuildPhase;
			buildActionMask = 2147483647;
			files = (
			);
			runOnlyForDeploymentPostprocessing = 0;
		};
/* End PBXResourcesBuildPhase section */

/* Begin PBXSourcesBuildPhase section */
		BC3FABF11D73021B00DDC1A1 /* Sources */ = {
			isa = PBXSourcesBuildPhase;
			buildActionMask = 2147483647;
			files = (
				BC3FAC001D73021B00DDC1A1 /* ViewController.m in Sources */,
				BC3FABFD1D73021B00DDC1A1 /* AppDelegate.m in Sources */,
				BC3FABFA1D73021B00DDC1A1 /* main.m in Sources */,
			);
			runOnlyForDeploymentPostprocessing = 0;
		};
		BC3FAC0A1D73021B00DDC1A1 /* Sources */ = {
			isa = PBXSourcesBuildPhase;
			buildActionMask = 2147483647;
			files = (
				BC3FAC131D73021B00DDC1A1 /* UI___11_________Tests.m in Sources */,
			);
			runOnlyForDeploymentPostprocessing = 0;
		};
		BC3FAC151D73021B00DDC1A1 /* Sources */ = {
			isa = PBXSourcesBuildPhase;
			buildActionMask = 2147483647;
			files = (
				BC3FAC1E1D73021B00DDC1A1 /* UI___11_________UITests.m in Sources */,
			);
			runOnlyForDeploymentPostprocessing = 0;
		};
/* End PBXSourcesBuildPhase section */

/* Begin PBXTargetDependency section */
		BC3FAC101D73021B00DDC1A1 /* PBXTargetDependency */ = {
			isa = PBXTargetDependency;
			target = BC3FABF41D73021B00DDC1A1 /* UI进阶-11-抽屉效果简单实现 */;
			targetProxy = BC3FAC0F1D73021B00DDC1A1 /* PBXContainerItemProxy */;
		};
		BC3FAC1B1D73021B00DDC1A1 /* PBXTargetDependency */ = {
			isa = PBXTargetDependency;
			target = BC3FABF41D73021B00DDC1A1 /* UI进阶-11-抽屉效果简单实现 */;
			targetProxy = BC3FAC1A1D73021B00DDC1A1 /* PBXContainerItemProxy */;
		};
/* End PBXTargetDependency section */

/* Begin PBXVariantGroup section */
		BC3FAC011D73021B00DDC1A1 /* Main.storyboard */ = {
			isa = PBXVariantGroup;
			children = (
				BC3FAC021D73021B00DDC1A1 /* Base */,
			);
			name = Main.storyboard;
			sourceTree = "<group>";
		};
		BC3FAC061D73021B00DDC1A1 /* LaunchScreen.storyboard */ = {
			isa = PBXVariantGroup;
			children = (
				BC3FAC071D73021B00DDC1A1 /* Base */,
			);
			name = LaunchScreen.storyboard;
			sourceTree = "<group>";
		};
/* End PBXVariantGroup section */

/* Begin XCBuildConfiguration section */
		BC3FAC201D73021B00DDC1A1 /* Debug */ = {
			isa = XCBuildConfiguration;
			buildSettings = {
				ALWAYS_SEARCH_USER_PATHS = NO;
				CLANG_ANALYZER_NONNULL = YES;
				CLANG_CXX_LANGUAGE_STANDARD = "gnu++0x";
				CLANG_CXX_LIBRARY = "libc++";
				CLANG_ENABLE_MODULES = YES;
				CLANG_ENABLE_OBJC_ARC = YES;
				CLANG_WARN_BOOL_CONVERSION = YES;
				CLANG_WARN_CONSTANT_CONVERSION = YES;
				CLANG_WARN_DIRECT_OBJC_ISA_USAGE = YES_ERROR;
				CLANG_WARN_EMPTY_BODY = YES;
				CLANG_WARN_ENUM_CONVERSION = YES;
				CLANG_WARN_INT_CONVERSION = YES;
				CLANG_WARN_OBJC_ROOT_CLASS = YES_ERROR;
				CLANG_WARN_UNREACHABLE_CODE = YES;
				CLANG_WARN__DUPLICATE_METHOD_MATCH = YES;
				"CODE_SIGN_IDENTITY[sdk=iphoneos*]" = "iPhone Developer";
				COPY_PHASE_STRIP = NO;
				DEBUG_INFORMATION_FORMAT = dwarf;
				ENABLE_STRICT_OBJC_MSGSEND = YES;
				ENABLE_TESTABILITY = YES;
				GCC_C_LANGUAGE_STANDARD = gnu99;
				GCC_DYNAMIC_NO_PIC = NO;
				GCC_NO_COMMON_BLOCKS = YES;
				GCC_OPTIMIZATION_LEVEL = 0;
				GCC_PREPROCESSOR_DEFINITIONS = (
					"DEBUG=1",
					"$(inherited)",
				);
				GCC_WARN_64_TO_32_BIT_CONVERSION = YES;
				GCC_WARN_ABOUT_RETURN_TYPE = YES_ERROR;
				GCC_WARN_UNDECLARED_SELECTOR = YES;
				GCC_WARN_UNINITIALIZED_AUTOS = YES_AGGRESSIVE;
				GCC_WARN_UNUSED_FUNCTION = YES;
				GCC_WARN_UNUSED_VARIABLE = YES;
				IPHONEOS_DEPLOYMENT_TARGET = 9.3;
				MTL_ENABLE_DEBUG_INFO = YES;
				ONLY_ACTIVE_ARCH = YES;
				SDKROOT = iphoneos;
				TARGETED_DEVICE_FAMILY = "1,2";
			};
			name = Debug;
		};
		BC3FAC211D73021B00DDC1A1 /* Release */ = {
			isa = XCBuildConfiguration;
			buildSettings = {
				ALWAYS_SEARCH_USER_PATHS = NO;
				CLANG_ANALYZER_NONNULL = YES;
				CLANG_CXX_LANGUAGE_STANDARD = "gnu++0x";
				CLANG_CXX_LIBRARY = "libc++";
				CLANG_ENABLE_MODULES = YES;
				CLANG_ENABLE_OBJC_ARC = YES;
				CLANG_WARN_BOOL_CONVERSION = YES;
				CLANG_WARN_CONSTANT_CONVERSION = YES;
				CLANG_WARN_DIRECT_OBJC_ISA_USAGE = YES_ERROR;
				CLANG_WARN_EMPTY_BODY = YES;
				CLANG_WARN_ENUM_CONVERSION = YES;
				CLANG_WARN_INT_CONVERSION = YES;
				CLANG_WARN_OBJC_ROOT_CLASS = YES_ERROR;
				CLANG_WARN_UNREACHABLE_CODE = YES;
				CLANG_WARN__DUPLICATE_METHOD_MATCH = YES;
				"CODE_SIGN_IDENTITY[sdk=iphoneos*]" = "iPhone Developer";
				COPY_PHASE_STRIP = NO;
				DEBUG_INFORMATION_FORMAT = "dwarf-with-dsym";
				ENABLE_NS_ASSERTIONS = NO;
				ENABLE_STRICT_OBJC_MSGSEND = YES;
				GCC_C_LANGUAGE_STANDARD = gnu99;
				GCC_NO_COMMON_BLOCKS = YES;
				GCC_WARN_64_TO_32_BIT_CONVERSION = YES;
				GCC_WARN_ABOUT_RETURN_TYPE = YES_ERROR;
				GCC_WARN_UNDECLARED_SELECTOR = YES;
				GCC_WARN_UNINITIALIZED_AUTOS = YES_AGGRESSIVE;
				GCC_WARN_UNUSED_FUNCTION = YES;
				GCC_WARN_UNUSED_VARIABLE = YES;
				IPHONEOS_DEPLOYMENT_TARGET = 9.3;
				MTL_ENABLE_DEBUG_INFO = NO;
				SDKROOT = iphoneos;
				TARGETED_DEVICE_FAMILY = "1,2";
				VALIDATE_PRODUCT = YES;
			};
			name = Release;
		};
		BC3FAC231D73021B00DDC1A1 /* Debug */ = {
			isa = XCBuildConfiguration;
			buildSettings = {
				ASSETCATALOG_COMPILER_APPICON_NAME = AppIcon;
				INFOPLIST_FILE = "UI进阶-11-抽屉效果简单实现/Info.plist";
				LD_RUNPATH_SEARCH_PATHS = "$(inherited) @executable_path/Frameworks";
				PRODUCT_BUNDLE_IDENTIFIER = "cn.UI---11---------";
				PRODUCT_NAME = "$(TARGET_NAME)";
			};
			name = Debug;
		};
		BC3FAC241D73021B00DDC1A1 /* Release */ = {
			isa = XCBuildConfiguration;
			buildSettings = {
				ASSETCATALOG_COMPILER_APPICON_NAME = AppIcon;
				INFOPLIST_FILE = "UI进阶-11-抽屉效果简单实现/Info.plist";
				LD_RUNPATH_SEARCH_PATHS = "$(inherited) @executable_path/Frameworks";
				PRODUCT_BUNDLE_IDENTIFIER = "cn.UI---11---------";
				PRODUCT_NAME = "$(TARGET_NAME)";
			};
			name = Release;
		};
		BC3FAC261D73021B00DDC1A1 /* Debug */ = {
			isa = XCBuildConfiguration;
			buildSettings = {
				BUNDLE_LOADER = "$(TEST_HOST)";
				INFOPLIST_FILE = "UI进阶-11-抽屉效果简单实现Tests/Info.plist";
				LD_RUNPATH_SEARCH_PATHS = "$(inherited) @executable_path/Frameworks @loader_path/Frameworks";
				PRODUCT_BUNDLE_IDENTIFIER = "cn.UI---11---------Tests";
				PRODUCT_NAME = "$(TARGET_NAME)";
				TEST_HOST = "$(BUILT_PRODUCTS_DIR)/UI进阶-11-抽屉效果简单实现.app/UI进阶-11-抽屉效果简单实现";
			};
			name = Debug;
		};
		BC3FAC271D73021B00DDC1A1 /* Release */ = {
			isa = XCBuildConfiguration;
			buildSettings = {
				BUNDLE_LOADER = "$(TEST_HOST)";
				INFOPLIST_FILE = "UI进阶-11-抽屉效果简单实现Tests/Info.plist";
				LD_RUNPATH_SEARCH_PATHS = "$(inherited) @executable_path/Frameworks @loader_path/Frameworks";
				PRODUCT_BUNDLE_IDENTIFIER = "cn.UI---11---------Tests";
				PRODUCT_NAME = "$(TARGET_NAME)";
				TEST_HOST = "$(BUILT_PRODUCTS_DIR)/UI进阶-11-抽屉效果简单实现.app/UI进阶-11-抽屉效果简单实现";
			};
			name = Release;
		};
		BC3FAC291D73021B00DDC1A1 /* Debug */ = {
			isa = XCBuildConfiguration;
			buildSettings = {
				INFOPLIST_FILE = "UI进阶-11-抽屉效果简单实现UITests/Info.plist";
				LD_RUNPATH_SEARCH_PATHS = "$(inherited) @executable_path/Frameworks @loader_path/Frameworks";
				PRODUCT_BUNDLE_IDENTIFIER = "cn.UI---11---------UITests";
				PRODUCT_NAME = "$(TARGET_NAME)";
				TEST_TARGET_NAME = "UI进阶-11-抽屉效果简单实现";
			};
			name = Debug;
		};
		BC3FAC2A1D73021B00DDC1A1 /* Release */ = {
			isa = XCBuildConfiguration;
			buildSettings = {
				INFOPLIST_FILE = "UI进阶-11-抽屉效果简单实现UITests/Info.plist";
				LD_RUNPATH_SEARCH_PATHS = "$(inherited) @executable_path/Frameworks @loader_path/Frameworks";
				PRODUCT_BUNDLE_IDENTIFIER = "cn.UI---11---------UITests";
				PRODUCT_NAME = "$(TARGET_NAME)";
				TEST_TARGET_NAME = "UI进阶-11-抽屉效果简单实现";
			};
			name = Release;
		};
/* End XCBuildConfiguration section */

/* Begin XCConfigurationList section */
		BC3FABF01D73021B00DDC1A1 /* Build configuration list for PBXProject "UI进阶-11-抽屉效果简单实现" */ = {
			isa = XCConfigurationList;
			buildConfigurations = (
				BC3FAC201D73021B00DDC1A1 /* Debug */,
				BC3FAC211D73021B00DDC1A1 /* Release */,
			);
			defaultConfigurationIsVisible = 0;
			defaultConfigurationName = Release;
		};
		BC3FAC221D73021B00DDC1A1 /* Build configuration list for PBXNativeTarget "UI进阶-11-抽屉效果简单实现" */ = {
			isa = XCConfigurationList;
			buildConfigurations = (
				BC3FAC231D73021B00DDC1A1 /* Debug */,
				BC3FAC241D73021B00DDC1A1 /* Release */,
			);
			defaultConfigurationIsVisible = 0;
		};
		BC3FAC251D73021B00DDC1A1 /* Build configuration list for PBXNativeTarget "UI进阶-11-抽屉效果简单实现Tests" */ = {
			isa = XCConfigurationList;
			buildConfigurations = (
				BC3FAC261D73021B00DDC1A1 /* Debug */,
				BC3FAC271D73021B00DDC1A1 /* Release */,
			);
			defaultConfigurationIsVisible = 0;
		};
		BC3FAC281D73021B00DDC1A1 /* Build configuration list for PBXNativeTarget "UI进阶-11-抽屉效果简单实现UITests" */ = {
			isa = XCConfigurationList;
			buildConfigurations = (
				BC3FAC291D73021B00DDC1A1 /* Debug */,
				BC3FAC2A1D73021B00DDC1A1 /* Release */,
			);
			defaultConfigurationIsVisible = 0;
		};
/* End XCConfigurationList section */
	};
	rootObject = BC3FABED1D73021B00DDC1A1 /* Project object */;
}
