// !$*UTF8*$!
{
	archiveVersion = 1;
	classes = {
	};
	objectVersion = 46;
	objects = {

/* Begin PBXBuildFile section */
		BC408C5A1D69C4E200EF278B /* main.m in Sources */ = {isa = PBXBuildFile; fileRef = BC408C591D69C4E200EF278B /* main.m */; };
		BC408C5D1D69C4E200EF278B /* AppDelegate.m in Sources */ = {isa = PBXBuildFile; fileRef = BC408C5C1D69C4E200EF278B /* AppDelegate.m */; };
		BC408C601D69C4E200EF278B /* ViewController.m in Sources */ = {isa = PBXBuildFile; fileRef = BC408C5F1D69C4E200EF278B /* ViewController.m */; };
		BC408C631D69C4E200EF278B /* Main.storyboard in Resources */ = {isa = PBXBuildFile; fileRef = BC408C611D69C4E200EF278B /* Main.storyboard */; };
		BC408C651D69C4E200EF278B /* Assets.xcassets in Resources */ = {isa = PBXBuildFile; fileRef = BC408C641D69C4E200EF278B /* Assets.xcassets */; };
		BC408C681D69C4E200EF278B /* LaunchScreen.storyboard in Resources */ = {isa = PBXBuildFile; fileRef = BC408C661D69C4E200EF278B /* LaunchScreen.storyboard */; };
		BC408C731D69C4E200EF278B /* UI__________04UIWindow__Tests.m in Sources */ = {isa = PBXBuildFile; fileRef = BC408C721D69C4E200EF278B /* UI__________04UIWindow__Tests.m */; };
		BC408C7E1D69C4E200EF278B /* UI__________04UIWindow__UITests.m in Sources */ = {isa = PBXBuildFile; fileRef = BC408C7D1D69C4E200EF278B /* UI__________04UIWindow__UITests.m */; };
/* End PBXBuildFile section */

/* Begin PBXContainerItemProxy section */
		BC408C6F1D69C4E200EF278B /* PBXContainerItemProxy */ = {
			isa = PBXContainerItemProxy;
			containerPortal = BC408C4D1D69C4E200EF278B /* Project object */;
			proxyType = 1;
			remoteGlobalIDString = BC408C541D69C4E200EF278B;
			remoteInfo = "UI进阶-控制器的创建-04UIWindow补充";
		};
		BC408C7A1D69C4E200EF278B /* PBXContainerItemProxy */ = {
			isa = PBXContainerItemProxy;
			containerPortal = BC408C4D1D69C4E200EF278B /* Project object */;
			proxyType = 1;
			remoteGlobalIDString = BC408C541D69C4E200EF278B;
			remoteInfo = "UI进阶-控制器的创建-04UIWindow补充";
		};
/* End PBXContainerItemProxy section */

/* Begin PBXFileReference section */
		BC408C551D69C4E200EF278B /* UI进阶-控制器的创建-04UIWindow补充.app */ = {isa = PBXFileReference; explicitFileType = wrapper.application; includeInIndex = 0; path = "UI进阶-控制器的创建-04UIWindow补充.app"; sourceTree = BUILT_PRODUCTS_DIR; };
		BC408C591D69C4E200EF278B /* main.m */ = {isa = PBXFileReference; lastKnownFileType = sourcecode.c.objc; path = main.m; sourceTree = "<group>"; };
		BC408C5B1D69C4E200EF278B /* AppDelegate.h */ = {isa = PBXFileReference; lastKnownFileType = sourcecode.c.h; path = AppDelegate.h; sourceTree = "<group>"; };
		BC408C5C1D69C4E200EF278B /* AppDelegate.m */ = {isa = PBXFileReference; lastKnownFileType = sourcecode.c.objc; path = AppDelegate.m; sourceTree = "<group>"; };
		BC408C5E1D69C4E200EF278B /* ViewController.h */ = {isa = PBXFileReference; lastKnownFileType = sourcecode.c.h; path = ViewController.h; sourceTree = "<group>"; };
		BC408C5F1D69C4E200EF278B /* ViewController.m */ = {isa = PBXFileReference; lastKnownFileType = sourcecode.c.objc; path = ViewController.m; sourceTree = "<group>"; };
		BC408C621D69C4E200EF278B /* Base */ = {isa = PBXFileReference; lastKnownFileType = file.storyboard; name = Base; path = Base.lproj/Main.storyboard; sourceTree = "<group>"; };
		BC408C641D69C4E200EF278B /* Assets.xcassets */ = {isa = PBXFileReference; lastKnownFileType = folder.assetcatalog; path = Assets.xcassets; sourceTree = "<group>"; };
		BC408C671D69C4E200EF278B /* Base */ = {isa = PBXFileReference; lastKnownFileType = file.storyboard; name = Base; path = Base.lproj/LaunchScreen.storyboard; sourceTree = "<group>"; };
		BC408C691D69C4E200EF278B /* Info.plist */ = {isa = PBXFileReference; lastKnownFileType = text.plist.xml; path = Info.plist; sourceTree = "<group>"; };
		BC408C6E1D69C4E200EF278B /* UI进阶-控制器的创建-04UIWindow补充Tests.xctest */ = {isa = PBXFileReference; explicitFileType = wrapper.cfbundle; includeInIndex = 0; path = "UI进阶-控制器的创建-04UIWindow补充Tests.xctest"; sourceTree = BUILT_PRODUCTS_DIR; };
		BC408C721D69C4E200EF278B /* UI__________04UIWindow__Tests.m */ = {isa = PBXFileReference; lastKnownFileType = sourcecode.c.objc; path = "UI__________04UIWindow__Tests.m"; sourceTree = "<group>"; };
		BC408C741D69C4E200EF278B /* Info.plist */ = {isa = PBXFileReference; lastKnownFileType = text.plist.xml; path = Info.plist; sourceTree = "<group>"; };
		BC408C791D69C4E200EF278B /* UI进阶-控制器的创建-04UIWindow补充UITests.xctest */ = {isa = PBXFileReference; explicitFileType = wrapper.cfbundle; includeInIndex = 0; path = "UI进阶-控制器的创建-04UIWindow补充UITests.xctest"; sourceTree = BUILT_PRODUCTS_DIR; };
		BC408C7D1D69C4E200EF278B /* UI__________04UIWindow__UITests.m */ = {isa = PBXFileReference; lastKnownFileType = sourcecode.c.objc; path = "UI__________04UIWindow__UITests.m"; sourceTree = "<group>"; };
		BC408C7F1D69C4E200EF278B /* Info.plist */ = {isa = PBXFileReference; lastKnownFileType = text.plist.xml; path = Info.plist; sourceTree = "<group>"; };
/* End PBXFileReference section */

/* Begin PBXFrameworksBuildPhase section */
		BC408C521D69C4E200EF278B /* Frameworks */ = {
			isa = PBXFrameworksBuildPhase;
			buildActionMask = 2147483647;
			files = (
			);
			runOnlyForDeploymentPostprocessing = 0;
		};
		BC408C6B1D69C4E200EF278B /* Frameworks */ = {
			isa = PBXFrameworksBuildPhase;
			buildActionMask = 2147483647;
			files = (
			);
			runOnlyForDeploymentPostprocessing = 0;
		};
		BC408C761D69C4E200EF278B /* Frameworks */ = {
			isa = PBXFrameworksBuildPhase;
			buildActionMask = 2147483647;
			files = (
			);
			runOnlyForDeploymentPostprocessing = 0;
		};
/* End PBXFrameworksBuildPhase section */

/* Begin PBXGroup section */
		BC408C4C1D69C4E200EF278B = {
			isa = PBXGroup;
			children = (
				BC408C571D69C4E200EF278B /* UI进阶-控制器的创建-04UIWindow补充 */,
				BC408C711D69C4E200EF278B /* UI进阶-控制器的创建-04UIWindow补充Tests */,
				BC408C7C1D69C4E200EF278B /* UI进阶-控制器的创建-04UIWindow补充UITests */,
				BC408C561D69C4E200EF278B /* Products */,
			);
			sourceTree = "<group>";
		};
		BC408C561D69C4E200EF278B /* Products */ = {
			isa = PBXGroup;
			children = (
				BC408C551D69C4E200EF278B /* UI进阶-控制器的创建-04UIWindow补充.app */,
				BC408C6E1D69C4E200EF278B /* UI进阶-控制器的创建-04UIWindow补充Tests.xctest */,
				BC408C791D69C4E200EF278B /* UI进阶-控制器的创建-04UIWindow补充UITests.xctest */,
			);
			name = Products;
			sourceTree = "<group>";
		};
		BC408C571D69C4E200EF278B /* UI进阶-控制器的创建-04UIWindow补充 */ = {
			isa = PBXGroup;
			children = (
				BC408C5B1D69C4E200EF278B /* AppDelegate.h */,
				BC408C5C1D69C4E200EF278B /* AppDelegate.m */,
				BC408C5E1D69C4E200EF278B /* ViewController.h */,
				BC408C5F1D69C4E200EF278B /* ViewController.m */,
				BC408C611D69C4E200EF278B /* Main.storyboard */,
				BC408C641D69C4E200EF278B /* Assets.xcassets */,
				BC408C661D69C4E200EF278B /* LaunchScreen.storyboard */,
				BC408C691D69C4E200EF278B /* Info.plist */,
				BC408C581D69C4E200EF278B /* Supporting Files */,
			);
			path = "UI进阶-控制器的创建-04UIWindow补充";
			sourceTree = "<group>";
		};
		BC408C581D69C4E200EF278B /* Supporting Files */ = {
			isa = PBXGroup;
			children = (
				BC408C591D69C4E200EF278B /* main.m */,
			);
			name = "Supporting Files";
			sourceTree = "<group>";
		};
		BC408C711D69C4E200EF278B /* UI进阶-控制器的创建-04UIWindow补充Tests */ = {
			isa = PBXGroup;
			children = (
				BC408C721D69C4E200EF278B /* UI__________04UIWindow__Tests.m */,
				BC408C741D69C4E200EF278B /* Info.plist */,
			);
			path = "UI进阶-控制器的创建-04UIWindow补充Tests";
			sourceTree = "<group>";
		};
		BC408C7C1D69C4E200EF278B /* UI进阶-控制器的创建-04UIWindow补充UITests */ = {
			isa = PBXGroup;
			children = (
				BC408C7D1D69C4E200EF278B /* UI__________04UIWindow__UITests.m */,
				BC408C7F1D69C4E200EF278B /* Info.plist */,
			);
			path = "UI进阶-控制器的创建-04UIWindow补充UITests";
			sourceTree = "<group>";
		};
/* End PBXGroup section */

/* Begin PBXNativeTarget section */
		BC408C541D69C4E200EF278B /* UI进阶-控制器的创建-04UIWindow补充 */ = {
			isa = PBXNativeTarget;
			buildConfigurationList = BC408C821D69C4E200EF278B /* Build configuration list for PBXNativeTarget "UI进阶-控制器的创建-04UIWindow补充" */;
			buildPhases = (
				BC408C511D69C4E200EF278B /* Sources */,
				BC408C521D69C4E200EF278B /* Frameworks */,
				BC408C531D69C4E200EF278B /* Resources */,
			);
			buildRules = (
			);
			dependencies = (
			);
			name = "UI进阶-控制器的创建-04UIWindow补充";
			productName = "UI进阶-控制器的创建-04UIWindow补充";
			productReference = BC408C551D69C4E200EF278B /* UI进阶-控制器的创建-04UIWindow补充.app */;
			productType = "com.apple.product-type.application";
		};
		BC408C6D1D69C4E200EF278B /* UI进阶-控制器的创建-04UIWindow补充Tests */ = {
			isa = PBXNativeTarget;
			buildConfigurationList = BC408C851D69C4E200EF278B /* Build configuration list for PBXNativeTarget "UI进阶-控制器的创建-04UIWindow补充Tests" */;
			buildPhases = (
				BC408C6A1D69C4E200EF278B /* Sources */,
				BC408C6B1D69C4E200EF278B /* Frameworks */,
				BC408C6C1D69C4E200EF278B /* Resources */,
			);
			buildRules = (
			);
			dependencies = (
				BC408C701D69C4E200EF278B /* PBXTargetDependency */,
			);
			name = "UI进阶-控制器的创建-04UIWindow补充Tests";
			productName = "UI进阶-控制器的创建-04UIWindow补充Tests";
			productReference = BC408C6E1D69C4E200EF278B /* UI进阶-控制器的创建-04UIWindow补充Tests.xctest */;
			productType = "com.apple.product-type.bundle.unit-test";
		};
		BC408C781D69C4E200EF278B /* UI进阶-控制器的创建-04UIWindow补充UITests */ = {
			isa = PBXNativeTarget;
			buildConfigurationList = BC408C881D69C4E200EF278B /* Build configuration list for PBXNativeTarget "UI进阶-控制器的创建-04UIWindow补充UITests" */;
			buildPhases = (
				BC408C751D69C4E200EF278B /* Sources */,
				BC408C761D69C4E200EF278B /* Frameworks */,
				BC408C771D69C4E200EF278B /* Resources */,
			);
			buildRules = (
			);
			dependencies = (
				BC408C7B1D69C4E200EF278B /* PBXTargetDependency */,
			);
			name = "UI进阶-控制器的创建-04UIWindow补充UITests";
			productName = "UI进阶-控制器的创建-04UIWindow补充UITests";
			productReference = BC408C791D69C4E200EF278B /* UI进阶-控制器的创建-04UIWindow补充UITests.xctest */;
			productType = "com.apple.product-type.bundle.ui-testing";
		};
/* End PBXNativeTarget section */

/* Begin PBXProject section */
		BC408C4D1D69C4E200EF278B /* Project object */ = {
			isa = PBXProject;
			attributes = {
				LastUpgradeCheck = 0730;
				ORGANIZATIONNAME = liser;
				TargetAttributes = {
					BC408C541D69C4E200EF278B = {
						CreatedOnToolsVersion = 7.3.1;
					};
					BC408C6D1D69C4E200EF278B = {
						CreatedOnToolsVersion = 7.3.1;
						TestTargetID = BC408C541D69C4E200EF278B;
					};
					BC408C781D69C4E200EF278B = {
						CreatedOnToolsVersion = 7.3.1;
						TestTargetID = BC408C541D69C4E200EF278B;
					};
				};
			};
			buildConfigurationList = BC408C501D69C4E200EF278B /* Build configuration list for PBXProject "UI进阶-控制器的创建-04UIWindow补充" */;
			compatibilityVersion = "Xcode 3.2";
			developmentRegion = English;
			hasScannedForEncodings = 0;
			knownRegions = (
				en,
				Base,
			);
			mainGroup = BC408C4C1D69C4E200EF278B;
			productRefGroup = BC408C561D69C4E200EF278B /* Products */;
			projectDirPath = "";
			projectRoot = "";
			targets = (
				BC408C541D69C4E200EF278B /* UI进阶-控制器的创建-04UIWindow补充 */,
				BC408C6D1D69C4E200EF278B /* UI进阶-控制器的创建-04UIWindow补充Tests */,
				BC408C781D69C4E200EF278B /* UI进阶-控制器的创建-04UIWindow补充UITests */,
			);
		};
/* End PBXProject section */

/* Begin PBXResourcesBuildPhase section */
		BC408C531D69C4E200EF278B /* Resources */ = {
			isa = PBXResourcesBuildPhase;
			buildActionMask = 2147483647;
			files = (
				BC408C681D69C4E200EF278B /* LaunchScreen.storyboard in Resources */,
				BC408C651D69C4E200EF278B /* Assets.xcassets in Resources */,
				BC408C631D69C4E200EF278B /* Main.storyboard in Resources */,
			);
			runOnlyForDeploymentPostprocessing = 0;
		};
		BC408C6C1D69C4E200EF278B /* Resources */ = {
			isa = PBXResourcesBuildPhase;
			buildActionMask = 2147483647;
			files = (
			);
			runOnlyForDeploymentPostprocessing = 0;
		};
		BC408C771D69C4E200EF278B /* Resources */ = {
			isa = PBXResourcesBuildPhase;
			buildActionMask = 2147483647;
			files = (
			);
			runOnlyForDeploymentPostprocessing = 0;
		};
/* End PBXResourcesBuildPhase section */

/* Begin PBXSourcesBuildPhase section */
		BC408C511D69C4E200EF278B /* Sources */ = {
			isa = PBXSourcesBuildPhase;
			buildActionMask = 2147483647;
			files = (
				BC408C601D69C4E200EF278B /* ViewController.m in Sources */,
				BC408C5D1D69C4E200EF278B /* AppDelegate.m in Sources */,
				BC408C5A1D69C4E200EF278B /* main.m in Sources */,
			);
			runOnlyForDeploymentPostprocessing = 0;
		};
		BC408C6A1D69C4E200EF278B /* Sources */ = {
			isa = PBXSourcesBuildPhase;
			buildActionMask = 2147483647;
			files = (
				BC408C731D69C4E200EF278B /* UI__________04UIWindow__Tests.m in Sources */,
			);
			runOnlyForDeploymentPostprocessing = 0;
		};
		BC408C751D69C4E200EF278B /* Sources */ = {
			isa = PBXSourcesBuildPhase;
			buildActionMask = 2147483647;
			files = (
				BC408C7E1D69C4E200EF278B /* UI__________04UIWindow__UITests.m in Sources */,
			);
			runOnlyForDeploymentPostprocessing = 0;
		};
/* End PBXSourcesBuildPhase section */

/* Begin PBXTargetDependency section */
		BC408C701D69C4E200EF278B /* PBXTargetDependency */ = {
			isa = PBXTargetDependency;
			target = BC408C541D69C4E200EF278B /* UI进阶-控制器的创建-04UIWindow补充 */;
			targetProxy = BC408C6F1D69C4E200EF278B /* PBXContainerItemProxy */;
		};
		BC408C7B1D69C4E200EF278B /* PBXTargetDependency */ = {
			isa = PBXTargetDependency;
			target = BC408C541D69C4E200EF278B /* UI进阶-控制器的创建-04UIWindow补充 */;
			targetProxy = BC408C7A1D69C4E200EF278B /* PBXContainerItemProxy */;
		};
/* End PBXTargetDependency section */

/* Begin PBXVariantGroup section */
		BC408C611D69C4E200EF278B /* Main.storyboard */ = {
			isa = PBXVariantGroup;
			children = (
				BC408C621D69C4E200EF278B /* Base */,
			);
			name = Main.storyboard;
			sourceTree = "<group>";
		};
		BC408C661D69C4E200EF278B /* LaunchScreen.storyboard */ = {
			isa = PBXVariantGroup;
			children = (
				BC408C671D69C4E200EF278B /* Base */,
			);
			name = LaunchScreen.storyboard;
			sourceTree = "<group>";
		};
/* End PBXVariantGroup section */

/* Begin XCBuildConfiguration section */
		BC408C801D69C4E200EF278B /* Debug */ = {
			isa = XCBuildConfiguration;
			buildSettings = {
				ALWAYS_SEARCH_USER_PATHS = NO;
				CLANG_ANALYZER_NONNULL = YES;
				CLANG_CXX_LANGUAGE_STANDARD = "gnu++0x";
				CLANG_CXX_LIBRARY = "libc++";
				CLANG_ENABLE_MODULES = YES;
				CLANG_ENABLE_OBJC_ARC = YES;
				CLANG_WARN_BOOL_CONVERSION = YES;
				CLANG_WARN_CONSTANT_CONVERSION = YES;
				CLANG_WARN_DIRECT_OBJC_ISA_USAGE = YES_ERROR;
				CLANG_WARN_EMPTY_BODY = YES;
				CLANG_WARN_ENUM_CONVERSION = YES;
				CLANG_WARN_INT_CONVERSION = YES;
				CLANG_WARN_OBJC_ROOT_CLASS = YES_ERROR;
				CLANG_WARN_UNREACHABLE_CODE = YES;
				CLANG_WARN__DUPLICATE_METHOD_MATCH = YES;
				"CODE_SIGN_IDENTITY[sdk=iphoneos*]" = "iPhone Developer";
				COPY_PHASE_STRIP = NO;
				DEBUG_INFORMATION_FORMAT = dwarf;
				ENABLE_STRICT_OBJC_MSGSEND = YES;
				ENABLE_TESTABILITY = YES;
				GCC_C_LANGUAGE_STANDARD = gnu99;
				GCC_DYNAMIC_NO_PIC = NO;
				GCC_NO_COMMON_BLOCKS = YES;
				GCC_OPTIMIZATION_LEVEL = 0;
				GCC_PREPROCESSOR_DEFINITIONS = (
					"DEBUG=1",
					"$(inherited)",
				);
				GCC_WARN_64_TO_32_BIT_CONVERSION = YES;
				GCC_WARN_ABOUT_RETURN_TYPE = YES_ERROR;
				GCC_WARN_UNDECLARED_SELECTOR = YES;
				GCC_WARN_UNINITIALIZED_AUTOS = YES_AGGRESSIVE;
				GCC_WARN_UNUSED_FUNCTION = YES;
				GCC_WARN_UNUSED_VARIABLE = YES;
				IPHONEOS_DEPLOYMENT_TARGET = 9.3;
				MTL_ENABLE_DEBUG_INFO = YES;
				ONLY_ACTIVE_ARCH = YES;
				SDKROOT = iphoneos;
				TARGETED_DEVICE_FAMILY = "1,2";
			};
			name = Debug;
		};
		BC408C811D69C4E200EF278B /* Release */ = {
			isa = XCBuildConfiguration;
			buildSettings = {
				ALWAYS_SEARCH_USER_PATHS = NO;
				CLANG_ANALYZER_NONNULL = YES;
				CLANG_CXX_LANGUAGE_STANDARD = "gnu++0x";
				CLANG_CXX_LIBRARY = "libc++";
				CLANG_ENABLE_MODULES = YES;
				CLANG_ENABLE_OBJC_ARC = YES;
				CLANG_WARN_BOOL_CONVERSION = YES;
				CLANG_WARN_CONSTANT_CONVERSION = YES;
				CLANG_WARN_DIRECT_OBJC_ISA_USAGE = YES_ERROR;
				CLANG_WARN_EMPTY_BODY = YES;
				CLANG_WARN_ENUM_CONVERSION = YES;
				CLANG_WARN_INT_CONVERSION = YES;
				CLANG_WARN_OBJC_ROOT_CLASS = YES_ERROR;
				CLANG_WARN_UNREACHABLE_CODE = YES;
				CLANG_WARN__DUPLICATE_METHOD_MATCH = YES;
				"CODE_SIGN_IDENTITY[sdk=iphoneos*]" = "iPhone Developer";
				COPY_PHASE_STRIP = NO;
				DEBUG_INFORMATION_FORMAT = "dwarf-with-dsym";
				ENABLE_NS_ASSERTIONS = NO;
				ENABLE_STRICT_OBJC_MSGSEND = YES;
				GCC_C_LANGUAGE_STANDARD = gnu99;
				GCC_NO_COMMON_BLOCKS = YES;
				GCC_WARN_64_TO_32_BIT_CONVERSION = YES;
				GCC_WARN_ABOUT_RETURN_TYPE = YES_ERROR;
				GCC_WARN_UNDECLARED_SELECTOR = YES;
				GCC_WARN_UNINITIALIZED_AUTOS = YES_AGGRESSIVE;
				GCC_WARN_UNUSED_FUNCTION = YES;
				GCC_WARN_UNUSED_VARIABLE = YES;
				IPHONEOS_DEPLOYMENT_TARGET = 9.3;
				MTL_ENABLE_DEBUG_INFO = NO;
				SDKROOT = iphoneos;
				TARGETED_DEVICE_FAMILY = "1,2";
				VALIDATE_PRODUCT = YES;
			};
			name = Release;
		};
		BC408C831D69C4E200EF278B /* Debug */ = {
			isa = XCBuildConfiguration;
			buildSettings = {
				ASSETCATALOG_COMPILER_APPICON_NAME = AppIcon;
				INFOPLIST_FILE = "UI进阶-控制器的创建-04UIWindow补充/Info.plist";
				LD_RUNPATH_SEARCH_PATHS = "$(inherited) @executable_path/Frameworks";
				PRODUCT_BUNDLE_IDENTIFIER = "cn.UI----------04UIWindow--";
				PRODUCT_NAME = "$(TARGET_NAME)";
			};
			name = Debug;
		};
		BC408C841D69C4E200EF278B /* Release */ = {
			isa = XCBuildConfiguration;
			buildSettings = {
				ASSETCATALOG_COMPILER_APPICON_NAME = AppIcon;
				INFOPLIST_FILE = "UI进阶-控制器的创建-04UIWindow补充/Info.plist";
				LD_RUNPATH_SEARCH_PATHS = "$(inherited) @executable_path/Frameworks";
				PRODUCT_BUNDLE_IDENTIFIER = "cn.UI----------04UIWindow--";
				PRODUCT_NAME = "$(TARGET_NAME)";
			};
			name = Release;
		};
		BC408C861D69C4E200EF278B /* Debug */ = {
			isa = XCBuildConfiguration;
			buildSettings = {
				BUNDLE_LOADER = "$(TEST_HOST)";
				INFOPLIST_FILE = "UI进阶-控制器的创建-04UIWindow补充Tests/Info.plist";
				LD_RUNPATH_SEARCH_PATHS = "$(inherited) @executable_path/Frameworks @loader_path/Frameworks";
				PRODUCT_BUNDLE_IDENTIFIER = "cn.UI----------04UIWindow--Tests";
				PRODUCT_NAME = "$(TARGET_NAME)";
				TEST_HOST = "$(BUILT_PRODUCTS_DIR)/UI进阶-控制器的创建-04UIWindow补充.app/UI进阶-控制器的创建-04UIWindow补充";
			};
			name = Debug;
		};
		BC408C871D69C4E200EF278B /* Release */ = {
			isa = XCBuildConfiguration;
			buildSettings = {
				BUNDLE_LOADER = "$(TEST_HOST)";
				INFOPLIST_FILE = "UI进阶-控制器的创建-04UIWindow补充Tests/Info.plist";
				LD_RUNPATH_SEARCH_PATHS = "$(inherited) @executable_path/Frameworks @loader_path/Frameworks";
				PRODUCT_BUNDLE_IDENTIFIER = "cn.UI----------04UIWindow--Tests";
				PRODUCT_NAME = "$(TARGET_NAME)";
				TEST_HOST = "$(BUILT_PRODUCTS_DIR)/UI进阶-控制器的创建-04UIWindow补充.app/UI进阶-控制器的创建-04UIWindow补充";
			};
			name = Release;
		};
		BC408C891D69C4E200EF278B /* Debug */ = {
			isa = XCBuildConfiguration;
			buildSettings = {
				INFOPLIST_FILE = "UI进阶-控制器的创建-04UIWindow补充UITests/Info.plist";
				LD_RUNPATH_SEARCH_PATHS = "$(inherited) @executable_path/Frameworks @loader_path/Frameworks";
				PRODUCT_BUNDLE_IDENTIFIER = "cn.UI----------04UIWindow--UITests";
				PRODUCT_NAME = "$(TARGET_NAME)";
				TEST_TARGET_NAME = "UI进阶-控制器的创建-04UIWindow补充";
			};
			name = Debug;
		};
		BC408C8A1D69C4E200EF278B /* Release */ = {
			isa = XCBuildConfiguration;
			buildSettings = {
				INFOPLIST_FILE = "UI进阶-控制器的创建-04UIWindow补充UITests/Info.plist";
				LD_RUNPATH_SEARCH_PATHS = "$(inherited) @executable_path/Frameworks @loader_path/Frameworks";
				PRODUCT_BUNDLE_IDENTIFIER = "cn.UI----------04UIWindow--UITests";
				PRODUCT_NAME = "$(TARGET_NAME)";
				TEST_TARGET_NAME = "UI进阶-控制器的创建-04UIWindow补充";
			};
			name = Release;
		};
/* End XCBuildConfiguration section */

/* Begin XCConfigurationList section */
		BC408C501D69C4E200EF278B /* Build configuration list for PBXProject "UI进阶-控制器的创建-04UIWindow补充" */ = {
			isa = XCConfigurationList;
			buildConfigurations = (
				BC408C801D69C4E200EF278B /* Debug */,
				BC408C811D69C4E200EF278B /* Release */,
			);
			defaultConfigurationIsVisible = 0;
			defaultConfigurationName = Release;
		};
		BC408C821D69C4E200EF278B /* Build configuration list for PBXNativeTarget "UI进阶-控制器的创建-04UIWindow补充" */ = {
			isa = XCConfigurationList;
			buildConfigurations = (
				BC408C831D69C4E200EF278B /* Debug */,
				BC408C841D69C4E200EF278B /* Release */,
			);
			defaultConfigurationIsVisible = 0;
		};
		BC408C851D69C4E200EF278B /* Build configuration list for PBXNativeTarget "UI进阶-控制器的创建-04UIWindow补充Tests" */ = {
			isa = XCConfigurationList;
			buildConfigurations = (
				BC408C861D69C4E200EF278B /* Debug */,
				BC408C871D69C4E200EF278B /* Release */,
			);
			defaultConfigurationIsVisible = 0;
		};
		BC408C881D69C4E200EF278B /* Build configuration list for PBXNativeTarget "UI进阶-控制器的创建-04UIWindow补充UITests" */ = {
			isa = XCConfigurationList;
			buildConfigurations = (
				BC408C891D69C4E200EF278B /* Debug */,
				BC408C8A1D69C4E200EF278B /* Release */,
			);
			defaultConfigurationIsVisible = 0;
		};
/* End XCConfigurationList section */
	};
	rootObject = BC408C4D1D69C4E200EF278B /* Project object */;
}
