// !$*UTF8*$!
{
	archiveVersion = 1;
	classes = {
	};
	objectVersion = 46;
	objects = {

/* Begin PBXBuildFile section */
		BC9653221D7AC6FA00FAC51B /* main.m in Sources */ = {isa = PBXBuildFile; fileRef = BC9653211D7AC6FA00FAC51B /* main.m */; };
		BC9653251D7AC6FA00FAC51B /* AppDelegate.m in Sources */ = {isa = PBXBuildFile; fileRef = BC9653241D7AC6FA00FAC51B /* AppDelegate.m */; };
		BC9653281D7AC6FA00FAC51B /* ViewController.m in Sources */ = {isa = PBXBuildFile; fileRef = BC9653271D7AC6FA00FAC51B /* ViewController.m */; };
		BC96532B1D7AC6FA00FAC51B /* Main.storyboard in Resources */ = {isa = PBXBuildFile; fileRef = BC9653291D7AC6FA00FAC51B /* Main.storyboard */; };
		BC96532D1D7AC6FA00FAC51B /* Assets.xcassets in Resources */ = {isa = PBXBuildFile; fileRef = BC96532C1D7AC6FA00FAC51B /* Assets.xcassets */; };
		BC9653301D7AC6FA00FAC51B /* LaunchScreen.storyboard in Resources */ = {isa = PBXBuildFile; fileRef = BC96532E1D7AC6FA00FAC51B /* LaunchScreen.storyboard */; };
		BC96533B1D7AC6FB00FAC51B /* UI___05_____Tests.m in Sources */ = {isa = PBXBuildFile; fileRef = BC96533A1D7AC6FB00FAC51B /* UI___05_____Tests.m */; };
		BC9653461D7AC6FB00FAC51B /* UI___05_____UITests.m in Sources */ = {isa = PBXBuildFile; fileRef = BC9653451D7AC6FB00FAC51B /* UI___05_____UITests.m */; };
/* End PBXBuildFile section */

/* Begin PBXContainerItemProxy section */
		BC9653371D7AC6FB00FAC51B /* PBXContainerItemProxy */ = {
			isa = PBXContainerItemProxy;
			containerPortal = BC9653151D7AC6FA00FAC51B /* Project object */;
			proxyType = 1;
			remoteGlobalIDString = BC96531C1D7AC6FA00FAC51B;
			remoteInfo = "UI进阶-05-图片截取";
		};
		BC9653421D7AC6FB00FAC51B /* PBXContainerItemProxy */ = {
			isa = PBXContainerItemProxy;
			containerPortal = BC9653151D7AC6FA00FAC51B /* Project object */;
			proxyType = 1;
			remoteGlobalIDString = BC96531C1D7AC6FA00FAC51B;
			remoteInfo = "UI进阶-05-图片截取";
		};
/* End PBXContainerItemProxy section */

/* Begin PBXFileReference section */
		BC96531D1D7AC6FA00FAC51B /* UI进阶-05-图片截取.app */ = {isa = PBXFileReference; explicitFileType = wrapper.application; includeInIndex = 0; path = "UI进阶-05-图片截取.app"; sourceTree = BUILT_PRODUCTS_DIR; };
		BC9653211D7AC6FA00FAC51B /* main.m */ = {isa = PBXFileReference; lastKnownFileType = sourcecode.c.objc; path = main.m; sourceTree = "<group>"; };
		BC9653231D7AC6FA00FAC51B /* AppDelegate.h */ = {isa = PBXFileReference; lastKnownFileType = sourcecode.c.h; path = AppDelegate.h; sourceTree = "<group>"; };
		BC9653241D7AC6FA00FAC51B /* AppDelegate.m */ = {isa = PBXFileReference; lastKnownFileType = sourcecode.c.objc; path = AppDelegate.m; sourceTree = "<group>"; };
		BC9653261D7AC6FA00FAC51B /* ViewController.h */ = {isa = PBXFileReference; lastKnownFileType = sourcecode.c.h; path = ViewController.h; sourceTree = "<group>"; };
		BC9653271D7AC6FA00FAC51B /* ViewController.m */ = {isa = PBXFileReference; lastKnownFileType = sourcecode.c.objc; path = ViewController.m; sourceTree = "<group>"; };
		BC96532A1D7AC6FA00FAC51B /* Base */ = {isa = PBXFileReference; lastKnownFileType = file.storyboard; name = Base; path = Base.lproj/Main.storyboard; sourceTree = "<group>"; };
		BC96532C1D7AC6FA00FAC51B /* Assets.xcassets */ = {isa = PBXFileReference; lastKnownFileType = folder.assetcatalog; path = Assets.xcassets; sourceTree = "<group>"; };
		BC96532F1D7AC6FA00FAC51B /* Base */ = {isa = PBXFileReference; lastKnownFileType = file.storyboard; name = Base; path = Base.lproj/LaunchScreen.storyboard; sourceTree = "<group>"; };
		BC9653311D7AC6FA00FAC51B /* Info.plist */ = {isa = PBXFileReference; lastKnownFileType = text.plist.xml; path = Info.plist; sourceTree = "<group>"; };
		BC9653361D7AC6FB00FAC51B /* UI进阶-05-图片截取Tests.xctest */ = {isa = PBXFileReference; explicitFileType = wrapper.cfbundle; includeInIndex = 0; path = "UI进阶-05-图片截取Tests.xctest"; sourceTree = BUILT_PRODUCTS_DIR; };
		BC96533A1D7AC6FB00FAC51B /* UI___05_____Tests.m */ = {isa = PBXFileReference; lastKnownFileType = sourcecode.c.objc; path = "UI___05_____Tests.m"; sourceTree = "<group>"; };
		BC96533C1D7AC6FB00FAC51B /* Info.plist */ = {isa = PBXFileReference; lastKnownFileType = text.plist.xml; path = Info.plist; sourceTree = "<group>"; };
		BC9653411D7AC6FB00FAC51B /* UI进阶-05-图片截取UITests.xctest */ = {isa = PBXFileReference; explicitFileType = wrapper.cfbundle; includeInIndex = 0; path = "UI进阶-05-图片截取UITests.xctest"; sourceTree = BUILT_PRODUCTS_DIR; };
		BC9653451D7AC6FB00FAC51B /* UI___05_____UITests.m */ = {isa = PBXFileReference; lastKnownFileType = sourcecode.c.objc; path = "UI___05_____UITests.m"; sourceTree = "<group>"; };
		BC9653471D7AC6FB00FAC51B /* Info.plist */ = {isa = PBXFileReference; lastKnownFileType = text.plist.xml; path = Info.plist; sourceTree = "<group>"; };
/* End PBXFileReference section */

/* Begin PBXFrameworksBuildPhase section */
		BC96531A1D7AC6FA00FAC51B /* Frameworks */ = {
			isa = PBXFrameworksBuildPhase;
			buildActionMask = 2147483647;
			files = (
			);
			runOnlyForDeploymentPostprocessing = 0;
		};
		BC9653331D7AC6FB00FAC51B /* Frameworks */ = {
			isa = PBXFrameworksBuildPhase;
			buildActionMask = 2147483647;
			files = (
			);
			runOnlyForDeploymentPostprocessing = 0;
		};
		BC96533E1D7AC6FB00FAC51B /* Frameworks */ = {
			isa = PBXFrameworksBuildPhase;
			buildActionMask = 2147483647;
			files = (
			);
			runOnlyForDeploymentPostprocessing = 0;
		};
/* End PBXFrameworksBuildPhase section */

/* Begin PBXGroup section */
		BC9653141D7AC6FA00FAC51B = {
			isa = PBXGroup;
			children = (
				BC96531F1D7AC6FA00FAC51B /* UI进阶-05-图片截取 */,
				BC9653391D7AC6FB00FAC51B /* UI进阶-05-图片截取Tests */,
				BC9653441D7AC6FB00FAC51B /* UI进阶-05-图片截取UITests */,
				BC96531E1D7AC6FA00FAC51B /* Products */,
			);
			sourceTree = "<group>";
		};
		BC96531E1D7AC6FA00FAC51B /* Products */ = {
			isa = PBXGroup;
			children = (
				BC96531D1D7AC6FA00FAC51B /* UI进阶-05-图片截取.app */,
				BC9653361D7AC6FB00FAC51B /* UI进阶-05-图片截取Tests.xctest */,
				BC9653411D7AC6FB00FAC51B /* UI进阶-05-图片截取UITests.xctest */,
			);
			name = Products;
			sourceTree = "<group>";
		};
		BC96531F1D7AC6FA00FAC51B /* UI进阶-05-图片截取 */ = {
			isa = PBXGroup;
			children = (
				BC9653231D7AC6FA00FAC51B /* AppDelegate.h */,
				BC9653241D7AC6FA00FAC51B /* AppDelegate.m */,
				BC9653261D7AC6FA00FAC51B /* ViewController.h */,
				BC9653271D7AC6FA00FAC51B /* ViewController.m */,
				BC9653291D7AC6FA00FAC51B /* Main.storyboard */,
				BC96532C1D7AC6FA00FAC51B /* Assets.xcassets */,
				BC96532E1D7AC6FA00FAC51B /* LaunchScreen.storyboard */,
				BC9653311D7AC6FA00FAC51B /* Info.plist */,
				BC9653201D7AC6FA00FAC51B /* Supporting Files */,
			);
			path = "UI进阶-05-图片截取";
			sourceTree = "<group>";
		};
		BC9653201D7AC6FA00FAC51B /* Supporting Files */ = {
			isa = PBXGroup;
			children = (
				BC9653211D7AC6FA00FAC51B /* main.m */,
			);
			name = "Supporting Files";
			sourceTree = "<group>";
		};
		BC9653391D7AC6FB00FAC51B /* UI进阶-05-图片截取Tests */ = {
			isa = PBXGroup;
			children = (
				BC96533A1D7AC6FB00FAC51B /* UI___05_____Tests.m */,
				BC96533C1D7AC6FB00FAC51B /* Info.plist */,
			);
			path = "UI进阶-05-图片截取Tests";
			sourceTree = "<group>";
		};
		BC9653441D7AC6FB00FAC51B /* UI进阶-05-图片截取UITests */ = {
			isa = PBXGroup;
			children = (
				BC9653451D7AC6FB00FAC51B /* UI___05_____UITests.m */,
				BC9653471D7AC6FB00FAC51B /* Info.plist */,
			);
			path = "UI进阶-05-图片截取UITests";
			sourceTree = "<group>";
		};
/* End PBXGroup section */

/* Begin PBXNativeTarget section */
		BC96531C1D7AC6FA00FAC51B /* UI进阶-05-图片截取 */ = {
			isa = PBXNativeTarget;
			buildConfigurationList = BC96534A1D7AC6FB00FAC51B /* Build configuration list for PBXNativeTarget "UI进阶-05-图片截取" */;
			buildPhases = (
				BC9653191D7AC6FA00FAC51B /* Sources */,
				BC96531A1D7AC6FA00FAC51B /* Frameworks */,
				BC96531B1D7AC6FA00FAC51B /* Resources */,
			);
			buildRules = (
			);
			dependencies = (
			);
			name = "UI进阶-05-图片截取";
			productName = "UI进阶-05-图片截取";
			productReference = BC96531D1D7AC6FA00FAC51B /* UI进阶-05-图片截取.app */;
			productType = "com.apple.product-type.application";
		};
		BC9653351D7AC6FB00FAC51B /* UI进阶-05-图片截取Tests */ = {
			isa = PBXNativeTarget;
			buildConfigurationList = BC96534D1D7AC6FB00FAC51B /* Build configuration list for PBXNativeTarget "UI进阶-05-图片截取Tests" */;
			buildPhases = (
				BC9653321D7AC6FB00FAC51B /* Sources */,
				BC9653331D7AC6FB00FAC51B /* Frameworks */,
				BC9653341D7AC6FB00FAC51B /* Resources */,
			);
			buildRules = (
			);
			dependencies = (
				BC9653381D7AC6FB00FAC51B /* PBXTargetDependency */,
			);
			name = "UI进阶-05-图片截取Tests";
			productName = "UI进阶-05-图片截取Tests";
			productReference = BC9653361D7AC6FB00FAC51B /* UI进阶-05-图片截取Tests.xctest */;
			productType = "com.apple.product-type.bundle.unit-test";
		};
		BC9653401D7AC6FB00FAC51B /* UI进阶-05-图片截取UITests */ = {
			isa = PBXNativeTarget;
			buildConfigurationList = BC9653501D7AC6FB00FAC51B /* Build configuration list for PBXNativeTarget "UI进阶-05-图片截取UITests" */;
			buildPhases = (
				BC96533D1D7AC6FB00FAC51B /* Sources */,
				BC96533E1D7AC6FB00FAC51B /* Frameworks */,
				BC96533F1D7AC6FB00FAC51B /* Resources */,
			);
			buildRules = (
			);
			dependencies = (
				BC9653431D7AC6FB00FAC51B /* PBXTargetDependency */,
			);
			name = "UI进阶-05-图片截取UITests";
			productName = "UI进阶-05-图片截取UITests";
			productReference = BC9653411D7AC6FB00FAC51B /* UI进阶-05-图片截取UITests.xctest */;
			productType = "com.apple.product-type.bundle.ui-testing";
		};
/* End PBXNativeTarget section */

/* Begin PBXProject section */
		BC9653151D7AC6FA00FAC51B /* Project object */ = {
			isa = PBXProject;
			attributes = {
				LastUpgradeCheck = 0730;
				ORGANIZATIONNAME = liser;
				TargetAttributes = {
					BC96531C1D7AC6FA00FAC51B = {
						CreatedOnToolsVersion = 7.3.1;
					};
					BC9653351D7AC6FB00FAC51B = {
						CreatedOnToolsVersion = 7.3.1;
						TestTargetID = BC96531C1D7AC6FA00FAC51B;
					};
					BC9653401D7AC6FB00FAC51B = {
						CreatedOnToolsVersion = 7.3.1;
						TestTargetID = BC96531C1D7AC6FA00FAC51B;
					};
				};
			};
			buildConfigurationList = BC9653181D7AC6FA00FAC51B /* Build configuration list for PBXProject "UI进阶-05-图片截取" */;
			compatibilityVersion = "Xcode 3.2";
			developmentRegion = English;
			hasScannedForEncodings = 0;
			knownRegions = (
				en,
				Base,
			);
			mainGroup = BC9653141D7AC6FA00FAC51B;
			productRefGroup = BC96531E1D7AC6FA00FAC51B /* Products */;
			projectDirPath = "";
			projectRoot = "";
			targets = (
				BC96531C1D7AC6FA00FAC51B /* UI进阶-05-图片截取 */,
				BC9653351D7AC6FB00FAC51B /* UI进阶-05-图片截取Tests */,
				BC9653401D7AC6FB00FAC51B /* UI进阶-05-图片截取UITests */,
			);
		};
/* End PBXProject section */

/* Begin PBXResourcesBuildPhase section */
		BC96531B1D7AC6FA00FAC51B /* Resources */ = {
			isa = PBXResourcesBuildPhase;
			buildActionMask = 2147483647;
			files = (
				BC9653301D7AC6FA00FAC51B /* LaunchScreen.storyboard in Resources */,
				BC96532D1D7AC6FA00FAC51B /* Assets.xcassets in Resources */,
				BC96532B1D7AC6FA00FAC51B /* Main.storyboard in Resources */,
			);
			runOnlyForDeploymentPostprocessing = 0;
		};
		BC9653341D7AC6FB00FAC51B /* Resources */ = {
			isa = PBXResourcesBuildPhase;
			buildActionMask = 2147483647;
			files = (
			);
			runOnlyForDeploymentPostprocessing = 0;
		};
		BC96533F1D7AC6FB00FAC51B /* Resources */ = {
			isa = PBXResourcesBuildPhase;
			buildActionMask = 2147483647;
			files = (
			);
			runOnlyForDeploymentPostprocessing = 0;
		};
/* End PBXResourcesBuildPhase section */

/* Begin PBXSourcesBuildPhase section */
		BC9653191D7AC6FA00FAC51B /* Sources */ = {
			isa = PBXSourcesBuildPhase;
			buildActionMask = 2147483647;
			files = (
				BC9653281D7AC6FA00FAC51B /* ViewController.m in Sources */,
				BC9653251D7AC6FA00FAC51B /* AppDelegate.m in Sources */,
				BC9653221D7AC6FA00FAC51B /* main.m in Sources */,
			);
			runOnlyForDeploymentPostprocessing = 0;
		};
		BC9653321D7AC6FB00FAC51B /* Sources */ = {
			isa = PBXSourcesBuildPhase;
			buildActionMask = 2147483647;
			files = (
				BC96533B1D7AC6FB00FAC51B /* UI___05_____Tests.m in Sources */,
			);
			runOnlyForDeploymentPostprocessing = 0;
		};
		BC96533D1D7AC6FB00FAC51B /* Sources */ = {
			isa = PBXSourcesBuildPhase;
			buildActionMask = 2147483647;
			files = (
				BC9653461D7AC6FB00FAC51B /* UI___05_____UITests.m in Sources */,
			);
			runOnlyForDeploymentPostprocessing = 0;
		};
/* End PBXSourcesBuildPhase section */

/* Begin PBXTargetDependency section */
		BC9653381D7AC6FB00FAC51B /* PBXTargetDependency */ = {
			isa = PBXTargetDependency;
			target = BC96531C1D7AC6FA00FAC51B /* UI进阶-05-图片截取 */;
			targetProxy = BC9653371D7AC6FB00FAC51B /* PBXContainerItemProxy */;
		};
		BC9653431D7AC6FB00FAC51B /* PBXTargetDependency */ = {
			isa = PBXTargetDependency;
			target = BC96531C1D7AC6FA00FAC51B /* UI进阶-05-图片截取 */;
			targetProxy = BC9653421D7AC6FB00FAC51B /* PBXContainerItemProxy */;
		};
/* End PBXTargetDependency section */

/* Begin PBXVariantGroup section */
		BC9653291D7AC6FA00FAC51B /* Main.storyboard */ = {
			isa = PBXVariantGroup;
			children = (
				BC96532A1D7AC6FA00FAC51B /* Base */,
			);
			name = Main.storyboard;
			sourceTree = "<group>";
		};
		BC96532E1D7AC6FA00FAC51B /* LaunchScreen.storyboard */ = {
			isa = PBXVariantGroup;
			children = (
				BC96532F1D7AC6FA00FAC51B /* Base */,
			);
			name = LaunchScreen.storyboard;
			sourceTree = "<group>";
		};
/* End PBXVariantGroup section */

/* Begin XCBuildConfiguration section */
		BC9653481D7AC6FB00FAC51B /* Debug */ = {
			isa = XCBuildConfiguration;
			buildSettings = {
				ALWAYS_SEARCH_USER_PATHS = NO;
				CLANG_ANALYZER_NONNULL = YES;
				CLANG_CXX_LANGUAGE_STANDARD = "gnu++0x";
				CLANG_CXX_LIBRARY = "libc++";
				CLANG_ENABLE_MODULES = YES;
				CLANG_ENABLE_OBJC_ARC = YES;
				CLANG_WARN_BOOL_CONVERSION = YES;
				CLANG_WARN_CONSTANT_CONVERSION = YES;
				CLANG_WARN_DIRECT_OBJC_ISA_USAGE = YES_ERROR;
				CLANG_WARN_EMPTY_BODY = YES;
				CLANG_WARN_ENUM_CONVERSION = YES;
				CLANG_WARN_INT_CONVERSION = YES;
				CLANG_WARN_OBJC_ROOT_CLASS = YES_ERROR;
				CLANG_WARN_UNREACHABLE_CODE = YES;
				CLANG_WARN__DUPLICATE_METHOD_MATCH = YES;
				"CODE_SIGN_IDENTITY[sdk=iphoneos*]" = "iPhone Developer";
				COPY_PHASE_STRIP = NO;
				DEBUG_INFORMATION_FORMAT = dwarf;
				ENABLE_STRICT_OBJC_MSGSEND = YES;
				ENABLE_TESTABILITY = YES;
				GCC_C_LANGUAGE_STANDARD = gnu99;
				GCC_DYNAMIC_NO_PIC = NO;
				GCC_NO_COMMON_BLOCKS = YES;
				GCC_OPTIMIZATION_LEVEL = 0;
				GCC_PREPROCESSOR_DEFINITIONS = (
					"DEBUG=1",
					"$(inherited)",
				);
				GCC_WARN_64_TO_32_BIT_CONVERSION = YES;
				GCC_WARN_ABOUT_RETURN_TYPE = YES_ERROR;
				GCC_WARN_UNDECLARED_SELECTOR = YES;
				GCC_WARN_UNINITIALIZED_AUTOS = YES_AGGRESSIVE;
				GCC_WARN_UNUSED_FUNCTION = YES;
				GCC_WARN_UNUSED_VARIABLE = YES;
				IPHONEOS_DEPLOYMENT_TARGET = 9.3;
				MTL_ENABLE_DEBUG_INFO = YES;
				ONLY_ACTIVE_ARCH = YES;
				SDKROOT = iphoneos;
				TARGETED_DEVICE_FAMILY = "1,2";
			};
			name = Debug;
		};
		BC9653491D7AC6FB00FAC51B /* Release */ = {
			isa = XCBuildConfiguration;
			buildSettings = {
				ALWAYS_SEARCH_USER_PATHS = NO;
				CLANG_ANALYZER_NONNULL = YES;
				CLANG_CXX_LANGUAGE_STANDARD = "gnu++0x";
				CLANG_CXX_LIBRARY = "libc++";
				CLANG_ENABLE_MODULES = YES;
				CLANG_ENABLE_OBJC_ARC = YES;
				CLANG_WARN_BOOL_CONVERSION = YES;
				CLANG_WARN_CONSTANT_CONVERSION = YES;
				CLANG_WARN_DIRECT_OBJC_ISA_USAGE = YES_ERROR;
				CLANG_WARN_EMPTY_BODY = YES;
				CLANG_WARN_ENUM_CONVERSION = YES;
				CLANG_WARN_INT_CONVERSION = YES;
				CLANG_WARN_OBJC_ROOT_CLASS = YES_ERROR;
				CLANG_WARN_UNREACHABLE_CODE = YES;
				CLANG_WARN__DUPLICATE_METHOD_MATCH = YES;
				"CODE_SIGN_IDENTITY[sdk=iphoneos*]" = "iPhone Developer";
				COPY_PHASE_STRIP = NO;
				DEBUG_INFORMATION_FORMAT = "dwarf-with-dsym";
				ENABLE_NS_ASSERTIONS = NO;
				ENABLE_STRICT_OBJC_MSGSEND = YES;
				GCC_C_LANGUAGE_STANDARD = gnu99;
				GCC_NO_COMMON_BLOCKS = YES;
				GCC_WARN_64_TO_32_BIT_CONVERSION = YES;
				GCC_WARN_ABOUT_RETURN_TYPE = YES_ERROR;
				GCC_WARN_UNDECLARED_SELECTOR = YES;
				GCC_WARN_UNINITIALIZED_AUTOS = YES_AGGRESSIVE;
				GCC_WARN_UNUSED_FUNCTION = YES;
				GCC_WARN_UNUSED_VARIABLE = YES;
				IPHONEOS_DEPLOYMENT_TARGET = 9.3;
				MTL_ENABLE_DEBUG_INFO = NO;
				SDKROOT = iphoneos;
				TARGETED_DEVICE_FAMILY = "1,2";
				VALIDATE_PRODUCT = YES;
			};
			name = Release;
		};
		BC96534B1D7AC6FB00FAC51B /* Debug */ = {
			isa = XCBuildConfiguration;
			buildSettings = {
				ASSETCATALOG_COMPILER_APPICON_NAME = AppIcon;
				INFOPLIST_FILE = "UI进阶-05-图片截取/Info.plist";
				LD_RUNPATH_SEARCH_PATHS = "$(inherited) @executable_path/Frameworks";
				PRODUCT_BUNDLE_IDENTIFIER = "cn.UI---05-----";
				PRODUCT_NAME = "$(TARGET_NAME)";
			};
			name = Debug;
		};
		BC96534C1D7AC6FB00FAC51B /* Release */ = {
			isa = XCBuildConfiguration;
			buildSettings = {
				ASSETCATALOG_COMPILER_APPICON_NAME = AppIcon;
				INFOPLIST_FILE = "UI进阶-05-图片截取/Info.plist";
				LD_RUNPATH_SEARCH_PATHS = "$(inherited) @executable_path/Frameworks";
				PRODUCT_BUNDLE_IDENTIFIER = "cn.UI---05-----";
				PRODUCT_NAME = "$(TARGET_NAME)";
			};
			name = Release;
		};
		BC96534E1D7AC6FB00FAC51B /* Debug */ = {
			isa = XCBuildConfiguration;
			buildSettings = {
				BUNDLE_LOADER = "$(TEST_HOST)";
				INFOPLIST_FILE = "UI进阶-05-图片截取Tests/Info.plist";
				LD_RUNPATH_SEARCH_PATHS = "$(inherited) @executable_path/Frameworks @loader_path/Frameworks";
				PRODUCT_BUNDLE_IDENTIFIER = "cn.UI---05-----Tests";
				PRODUCT_NAME = "$(TARGET_NAME)";
				TEST_HOST = "$(BUILT_PRODUCTS_DIR)/UI进阶-05-图片截取.app/UI进阶-05-图片截取";
			};
			name = Debug;
		};
		BC96534F1D7AC6FB00FAC51B /* Release */ = {
			isa = XCBuildConfiguration;
			buildSettings = {
				BUNDLE_LOADER = "$(TEST_HOST)";
				INFOPLIST_FILE = "UI进阶-05-图片截取Tests/Info.plist";
				LD_RUNPATH_SEARCH_PATHS = "$(inherited) @executable_path/Frameworks @loader_path/Frameworks";
				PRODUCT_BUNDLE_IDENTIFIER = "cn.UI---05-----Tests";
				PRODUCT_NAME = "$(TARGET_NAME)";
				TEST_HOST = "$(BUILT_PRODUCTS_DIR)/UI进阶-05-图片截取.app/UI进阶-05-图片截取";
			};
			name = Release;
		};
		BC9653511D7AC6FB00FAC51B /* Debug */ = {
			isa = XCBuildConfiguration;
			buildSettings = {
				INFOPLIST_FILE = "UI进阶-05-图片截取UITests/Info.plist";
				LD_RUNPATH_SEARCH_PATHS = "$(inherited) @executable_path/Frameworks @loader_path/Frameworks";
				PRODUCT_BUNDLE_IDENTIFIER = "cn.UI---05-----UITests";
				PRODUCT_NAME = "$(TARGET_NAME)";
				TEST_TARGET_NAME = "UI进阶-05-图片截取";
			};
			name = Debug;
		};
		BC9653521D7AC6FB00FAC51B /* Release */ = {
			isa = XCBuildConfiguration;
			buildSettings = {
				INFOPLIST_FILE = "UI进阶-05-图片截取UITests/Info.plist";
				LD_RUNPATH_SEARCH_PATHS = "$(inherited) @executable_path/Frameworks @loader_path/Frameworks";
				PRODUCT_BUNDLE_IDENTIFIER = "cn.UI---05-----UITests";
				PRODUCT_NAME = "$(TARGET_NAME)";
				TEST_TARGET_NAME = "UI进阶-05-图片截取";
			};
			name = Release;
		};
/* End XCBuildConfiguration section */

/* Begin XCConfigurationList section */
		BC9653181D7AC6FA00FAC51B /* Build configuration list for PBXProject "UI进阶-05-图片截取" */ = {
			isa = XCConfigurationList;
			buildConfigurations = (
				BC9653481D7AC6FB00FAC51B /* Debug */,
				BC9653491D7AC6FB00FAC51B /* Release */,
			);
			defaultConfigurationIsVisible = 0;
			defaultConfigurationName = Release;
		};
		BC96534A1D7AC6FB00FAC51B /* Build configuration list for PBXNativeTarget "UI进阶-05-图片截取" */ = {
			isa = XCConfigurationList;
			buildConfigurations = (
				BC96534B1D7AC6FB00FAC51B /* Debug */,
				BC96534C1D7AC6FB00FAC51B /* Release */,
			);
			defaultConfigurationIsVisible = 0;
		};
		BC96534D1D7AC6FB00FAC51B /* Build configuration list for PBXNativeTarget "UI进阶-05-图片截取Tests" */ = {
			isa = XCConfigurationList;
			buildConfigurations = (
				BC96534E1D7AC6FB00FAC51B /* Debug */,
				BC96534F1D7AC6FB00FAC51B /* Release */,
			);
			defaultConfigurationIsVisible = 0;
		};
		BC9653501D7AC6FB00FAC51B /* Build configuration list for PBXNativeTarget "UI进阶-05-图片截取UITests" */ = {
			isa = XCConfigurationList;
			buildConfigurations = (
				BC9653511D7AC6FB00FAC51B /* Debug */,
				BC9653521D7AC6FB00FAC51B /* Release */,
			);
			defaultConfigurationIsVisible = 0;
		};
/* End XCConfigurationList section */
	};
	rootObject = BC9653151D7AC6FA00FAC51B /* Project object */;
}
