// !$*UTF8*$!
{
	archiveVersion = 1;
	classes = {
	};
	objectVersion = 46;
	objects = {

/* Begin PBXBuildFile section */
		BC408CDA1D6B181000EF278B /* main.m in Sources */ = {isa = PBXBuildFile; fileRef = BC408CD91D6B181000EF278B /* main.m */; };
		BC408CDD1D6B181000EF278B /* AppDelegate.m in Sources */ = {isa = PBXBuildFile; fileRef = BC408CDC1D6B181000EF278B /* AppDelegate.m */; };
		BC408CE01D6B181000EF278B /* ViewController.m in Sources */ = {isa = PBXBuildFile; fileRef = BC408CDF1D6B181000EF278B /* ViewController.m */; };
		BC408CE31D6B181000EF278B /* Main.storyboard in Resources */ = {isa = PBXBuildFile; fileRef = BC408CE11D6B181000EF278B /* Main.storyboard */; };
		BC408CE51D6B181000EF278B /* Assets.xcassets in Resources */ = {isa = PBXBuildFile; fileRef = BC408CE41D6B181000EF278B /* Assets.xcassets */; };
		BC408CE81D6B181000EF278B /* LaunchScreen.storyboard in Resources */ = {isa = PBXBuildFile; fileRef = BC408CE61D6B181000EF278B /* LaunchScreen.storyboard */; };
		BC408CF31D6B181000EF278B /* UI__________07___View___Tests.m in Sources */ = {isa = PBXBuildFile; fileRef = BC408CF21D6B181000EF278B /* UI__________07___View___Tests.m */; };
		BC408CFE1D6B181000EF278B /* UI__________07___View___UITests.m in Sources */ = {isa = PBXBuildFile; fileRef = BC408CFD1D6B181000EF278B /* UI__________07___View___UITests.m */; };
/* End PBXBuildFile section */

/* Begin PBXContainerItemProxy section */
		BC408CEF1D6B181000EF278B /* PBXContainerItemProxy */ = {
			isa = PBXContainerItemProxy;
			containerPortal = BC408CCD1D6B181000EF278B /* Project object */;
			proxyType = 1;
			remoteGlobalIDString = BC408CD41D6B181000EF278B;
			remoteInfo = "UI进阶-控制器的创建-07控制器View的创建";
		};
		BC408CFA1D6B181000EF278B /* PBXContainerItemProxy */ = {
			isa = PBXContainerItemProxy;
			containerPortal = BC408CCD1D6B181000EF278B /* Project object */;
			proxyType = 1;
			remoteGlobalIDString = BC408CD41D6B181000EF278B;
			remoteInfo = "UI进阶-控制器的创建-07控制器View的创建";
		};
/* End PBXContainerItemProxy section */

/* Begin PBXFileReference section */
		BC408CD51D6B181000EF278B /* UI进阶-控制器的创建-07控制器View的创建.app */ = {isa = PBXFileReference; explicitFileType = wrapper.application; includeInIndex = 0; path = "UI进阶-控制器的创建-07控制器View的创建.app"; sourceTree = BUILT_PRODUCTS_DIR; };
		BC408CD91D6B181000EF278B /* main.m */ = {isa = PBXFileReference; lastKnownFileType = sourcecode.c.objc; path = main.m; sourceTree = "<group>"; };
		BC408CDB1D6B181000EF278B /* AppDelegate.h */ = {isa = PBXFileReference; lastKnownFileType = sourcecode.c.h; path = AppDelegate.h; sourceTree = "<group>"; };
		BC408CDC1D6B181000EF278B /* AppDelegate.m */ = {isa = PBXFileReference; lastKnownFileType = sourcecode.c.objc; path = AppDelegate.m; sourceTree = "<group>"; };
		BC408CDE1D6B181000EF278B /* ViewController.h */ = {isa = PBXFileReference; lastKnownFileType = sourcecode.c.h; path = ViewController.h; sourceTree = "<group>"; };
		BC408CDF1D6B181000EF278B /* ViewController.m */ = {isa = PBXFileReference; lastKnownFileType = sourcecode.c.objc; path = ViewController.m; sourceTree = "<group>"; };
		BC408CE21D6B181000EF278B /* Base */ = {isa = PBXFileReference; lastKnownFileType = file.storyboard; name = Base; path = Base.lproj/Main.storyboard; sourceTree = "<group>"; };
		BC408CE41D6B181000EF278B /* Assets.xcassets */ = {isa = PBXFileReference; lastKnownFileType = folder.assetcatalog; path = Assets.xcassets; sourceTree = "<group>"; };
		BC408CE71D6B181000EF278B /* Base */ = {isa = PBXFileReference; lastKnownFileType = file.storyboard; name = Base; path = Base.lproj/LaunchScreen.storyboard; sourceTree = "<group>"; };
		BC408CE91D6B181000EF278B /* Info.plist */ = {isa = PBXFileReference; lastKnownFileType = text.plist.xml; path = Info.plist; sourceTree = "<group>"; };
		BC408CEE1D6B181000EF278B /* UI进阶-控制器的创建-07控制器View的创建Tests.xctest */ = {isa = PBXFileReference; explicitFileType = wrapper.cfbundle; includeInIndex = 0; path = "UI进阶-控制器的创建-07控制器View的创建Tests.xctest"; sourceTree = BUILT_PRODUCTS_DIR; };
		BC408CF21D6B181000EF278B /* UI__________07___View___Tests.m */ = {isa = PBXFileReference; lastKnownFileType = sourcecode.c.objc; path = "UI__________07___View___Tests.m"; sourceTree = "<group>"; };
		BC408CF41D6B181000EF278B /* Info.plist */ = {isa = PBXFileReference; lastKnownFileType = text.plist.xml; path = Info.plist; sourceTree = "<group>"; };
		BC408CF91D6B181000EF278B /* UI进阶-控制器的创建-07控制器View的创建UITests.xctest */ = {isa = PBXFileReference; explicitFileType = wrapper.cfbundle; includeInIndex = 0; path = "UI进阶-控制器的创建-07控制器View的创建UITests.xctest"; sourceTree = BUILT_PRODUCTS_DIR; };
		BC408CFD1D6B181000EF278B /* UI__________07___View___UITests.m */ = {isa = PBXFileReference; lastKnownFileType = sourcecode.c.objc; path = "UI__________07___View___UITests.m"; sourceTree = "<group>"; };
		BC408CFF1D6B181000EF278B /* Info.plist */ = {isa = PBXFileReference; lastKnownFileType = text.plist.xml; path = Info.plist; sourceTree = "<group>"; };
/* End PBXFileReference section */

/* Begin PBXFrameworksBuildPhase section */
		BC408CD21D6B181000EF278B /* Frameworks */ = {
			isa = PBXFrameworksBuildPhase;
			buildActionMask = 2147483647;
			files = (
			);
			runOnlyForDeploymentPostprocessing = 0;
		};
		BC408CEB1D6B181000EF278B /* Frameworks */ = {
			isa = PBXFrameworksBuildPhase;
			buildActionMask = 2147483647;
			files = (
			);
			runOnlyForDeploymentPostprocessing = 0;
		};
		BC408CF61D6B181000EF278B /* Frameworks */ = {
			isa = PBXFrameworksBuildPhase;
			buildActionMask = 2147483647;
			files = (
			);
			runOnlyForDeploymentPostprocessing = 0;
		};
/* End PBXFrameworksBuildPhase section */

/* Begin PBXGroup section */
		BC408CCC1D6B181000EF278B = {
			isa = PBXGroup;
			children = (
				BC408CD71D6B181000EF278B /* UI进阶-控制器的创建-07控制器View的创建 */,
				BC408CF11D6B181000EF278B /* UI进阶-控制器的创建-07控制器View的创建Tests */,
				BC408CFC1D6B181000EF278B /* UI进阶-控制器的创建-07控制器View的创建UITests */,
				BC408CD61D6B181000EF278B /* Products */,
			);
			sourceTree = "<group>";
		};
		BC408CD61D6B181000EF278B /* Products */ = {
			isa = PBXGroup;
			children = (
				BC408CD51D6B181000EF278B /* UI进阶-控制器的创建-07控制器View的创建.app */,
				BC408CEE1D6B181000EF278B /* UI进阶-控制器的创建-07控制器View的创建Tests.xctest */,
				BC408CF91D6B181000EF278B /* UI进阶-控制器的创建-07控制器View的创建UITests.xctest */,
			);
			name = Products;
			sourceTree = "<group>";
		};
		BC408CD71D6B181000EF278B /* UI进阶-控制器的创建-07控制器View的创建 */ = {
			isa = PBXGroup;
			children = (
				BC408CDB1D6B181000EF278B /* AppDelegate.h */,
				BC408CDC1D6B181000EF278B /* AppDelegate.m */,
				BC408CDE1D6B181000EF278B /* ViewController.h */,
				BC408CDF1D6B181000EF278B /* ViewController.m */,
				BC408CE11D6B181000EF278B /* Main.storyboard */,
				BC408CE41D6B181000EF278B /* Assets.xcassets */,
				BC408CE61D6B181000EF278B /* LaunchScreen.storyboard */,
				BC408CE91D6B181000EF278B /* Info.plist */,
				BC408CD81D6B181000EF278B /* Supporting Files */,
			);
			path = "UI进阶-控制器的创建-07控制器View的创建";
			sourceTree = "<group>";
		};
		BC408CD81D6B181000EF278B /* Supporting Files */ = {
			isa = PBXGroup;
			children = (
				BC408CD91D6B181000EF278B /* main.m */,
			);
			name = "Supporting Files";
			sourceTree = "<group>";
		};
		BC408CF11D6B181000EF278B /* UI进阶-控制器的创建-07控制器View的创建Tests */ = {
			isa = PBXGroup;
			children = (
				BC408CF21D6B181000EF278B /* UI__________07___View___Tests.m */,
				BC408CF41D6B181000EF278B /* Info.plist */,
			);
			path = "UI进阶-控制器的创建-07控制器View的创建Tests";
			sourceTree = "<group>";
		};
		BC408CFC1D6B181000EF278B /* UI进阶-控制器的创建-07控制器View的创建UITests */ = {
			isa = PBXGroup;
			children = (
				BC408CFD1D6B181000EF278B /* UI__________07___View___UITests.m */,
				BC408CFF1D6B181000EF278B /* Info.plist */,
			);
			path = "UI进阶-控制器的创建-07控制器View的创建UITests";
			sourceTree = "<group>";
		};
/* End PBXGroup section */

/* Begin PBXNativeTarget section */
		BC408CD41D6B181000EF278B /* UI进阶-控制器的创建-07控制器View的创建 */ = {
			isa = PBXNativeTarget;
			buildConfigurationList = BC408D021D6B181000EF278B /* Build configuration list for PBXNativeTarget "UI进阶-控制器的创建-07控制器View的创建" */;
			buildPhases = (
				BC408CD11D6B181000EF278B /* Sources */,
				BC408CD21D6B181000EF278B /* Frameworks */,
				BC408CD31D6B181000EF278B /* Resources */,
			);
			buildRules = (
			);
			dependencies = (
			);
			name = "UI进阶-控制器的创建-07控制器View的创建";
			productName = "UI进阶-控制器的创建-07控制器View的创建";
			productReference = BC408CD51D6B181000EF278B /* UI进阶-控制器的创建-07控制器View的创建.app */;
			productType = "com.apple.product-type.application";
		};
		BC408CED1D6B181000EF278B /* UI进阶-控制器的创建-07控制器View的创建Tests */ = {
			isa = PBXNativeTarget;
			buildConfigurationList = BC408D051D6B181000EF278B /* Build configuration list for PBXNativeTarget "UI进阶-控制器的创建-07控制器View的创建Tests" */;
			buildPhases = (
				BC408CEA1D6B181000EF278B /* Sources */,
				BC408CEB1D6B181000EF278B /* Frameworks */,
				BC408CEC1D6B181000EF278B /* Resources */,
			);
			buildRules = (
			);
			dependencies = (
				BC408CF01D6B181000EF278B /* PBXTargetDependency */,
			);
			name = "UI进阶-控制器的创建-07控制器View的创建Tests";
			productName = "UI进阶-控制器的创建-07控制器View的创建Tests";
			productReference = BC408CEE1D6B181000EF278B /* UI进阶-控制器的创建-07控制器View的创建Tests.xctest */;
			productType = "com.apple.product-type.bundle.unit-test";
		};
		BC408CF81D6B181000EF278B /* UI进阶-控制器的创建-07控制器View的创建UITests */ = {
			isa = PBXNativeTarget;
			buildConfigurationList = BC408D081D6B181000EF278B /* Build configuration list for PBXNativeTarget "UI进阶-控制器的创建-07控制器View的创建UITests" */;
			buildPhases = (
				BC408CF51D6B181000EF278B /* Sources */,
				BC408CF61D6B181000EF278B /* Frameworks */,
				BC408CF71D6B181000EF278B /* Resources */,
			);
			buildRules = (
			);
			dependencies = (
				BC408CFB1D6B181000EF278B /* PBXTargetDependency */,
			);
			name = "UI进阶-控制器的创建-07控制器View的创建UITests";
			productName = "UI进阶-控制器的创建-07控制器View的创建UITests";
			productReference = BC408CF91D6B181000EF278B /* UI进阶-控制器的创建-07控制器View的创建UITests.xctest */;
			productType = "com.apple.product-type.bundle.ui-testing";
		};
/* End PBXNativeTarget section */

/* Begin PBXProject section */
		BC408CCD1D6B181000EF278B /* Project object */ = {
			isa = PBXProject;
			attributes = {
				LastUpgradeCheck = 0730;
				ORGANIZATIONNAME = liser;
				TargetAttributes = {
					BC408CD41D6B181000EF278B = {
						CreatedOnToolsVersion = 7.3.1;
					};
					BC408CED1D6B181000EF278B = {
						CreatedOnToolsVersion = 7.3.1;
						TestTargetID = BC408CD41D6B181000EF278B;
					};
					BC408CF81D6B181000EF278B = {
						CreatedOnToolsVersion = 7.3.1;
						TestTargetID = BC408CD41D6B181000EF278B;
					};
				};
			};
			buildConfigurationList = BC408CD01D6B181000EF278B /* Build configuration list for PBXProject "UI进阶-控制器的创建-07控制器View的创建" */;
			compatibilityVersion = "Xcode 3.2";
			developmentRegion = English;
			hasScannedForEncodings = 0;
			knownRegions = (
				en,
				Base,
			);
			mainGroup = BC408CCC1D6B181000EF278B;
			productRefGroup = BC408CD61D6B181000EF278B /* Products */;
			projectDirPath = "";
			projectRoot = "";
			targets = (
				BC408CD41D6B181000EF278B /* UI进阶-控制器的创建-07控制器View的创建 */,
				BC408CED1D6B181000EF278B /* UI进阶-控制器的创建-07控制器View的创建Tests */,
				BC408CF81D6B181000EF278B /* UI进阶-控制器的创建-07控制器View的创建UITests */,
			);
		};
/* End PBXProject section */

/* Begin PBXResourcesBuildPhase section */
		BC408CD31D6B181000EF278B /* Resources */ = {
			isa = PBXResourcesBuildPhase;
			buildActionMask = 2147483647;
			files = (
				BC408CE81D6B181000EF278B /* LaunchScreen.storyboard in Resources */,
				BC408CE51D6B181000EF278B /* Assets.xcassets in Resources */,
				BC408CE31D6B181000EF278B /* Main.storyboard in Resources */,
			);
			runOnlyForDeploymentPostprocessing = 0;
		};
		BC408CEC1D6B181000EF278B /* Resources */ = {
			isa = PBXResourcesBuildPhase;
			buildActionMask = 2147483647;
			files = (
			);
			runOnlyForDeploymentPostprocessing = 0;
		};
		BC408CF71D6B181000EF278B /* Resources */ = {
			isa = PBXResourcesBuildPhase;
			buildActionMask = 2147483647;
			files = (
			);
			runOnlyForDeploymentPostprocessing = 0;
		};
/* End PBXResourcesBuildPhase section */

/* Begin PBXSourcesBuildPhase section */
		BC408CD11D6B181000EF278B /* Sources */ = {
			isa = PBXSourcesBuildPhase;
			buildActionMask = 2147483647;
			files = (
				BC408CE01D6B181000EF278B /* ViewController.m in Sources */,
				BC408CDD1D6B181000EF278B /* AppDelegate.m in Sources */,
				BC408CDA1D6B181000EF278B /* main.m in Sources */,
			);
			runOnlyForDeploymentPostprocessing = 0;
		};
		BC408CEA1D6B181000EF278B /* Sources */ = {
			isa = PBXSourcesBuildPhase;
			buildActionMask = 2147483647;
			files = (
				BC408CF31D6B181000EF278B /* UI__________07___View___Tests.m in Sources */,
			);
			runOnlyForDeploymentPostprocessing = 0;
		};
		BC408CF51D6B181000EF278B /* Sources */ = {
			isa = PBXSourcesBuildPhase;
			buildActionMask = 2147483647;
			files = (
				BC408CFE1D6B181000EF278B /* UI__________07___View___UITests.m in Sources */,
			);
			runOnlyForDeploymentPostprocessing = 0;
		};
/* End PBXSourcesBuildPhase section */

/* Begin PBXTargetDependency section */
		BC408CF01D6B181000EF278B /* PBXTargetDependency */ = {
			isa = PBXTargetDependency;
			target = BC408CD41D6B181000EF278B /* UI进阶-控制器的创建-07控制器View的创建 */;
			targetProxy = BC408CEF1D6B181000EF278B /* PBXContainerItemProxy */;
		};
		BC408CFB1D6B181000EF278B /* PBXTargetDependency */ = {
			isa = PBXTargetDependency;
			target = BC408CD41D6B181000EF278B /* UI进阶-控制器的创建-07控制器View的创建 */;
			targetProxy = BC408CFA1D6B181000EF278B /* PBXContainerItemProxy */;
		};
/* End PBXTargetDependency section */

/* Begin PBXVariantGroup section */
		BC408CE11D6B181000EF278B /* Main.storyboard */ = {
			isa = PBXVariantGroup;
			children = (
				BC408CE21D6B181000EF278B /* Base */,
			);
			name = Main.storyboard;
			sourceTree = "<group>";
		};
		BC408CE61D6B181000EF278B /* LaunchScreen.storyboard */ = {
			isa = PBXVariantGroup;
			children = (
				BC408CE71D6B181000EF278B /* Base */,
			);
			name = LaunchScreen.storyboard;
			sourceTree = "<group>";
		};
/* End PBXVariantGroup section */

/* Begin XCBuildConfiguration section */
		BC408D001D6B181000EF278B /* Debug */ = {
			isa = XCBuildConfiguration;
			buildSettings = {
				ALWAYS_SEARCH_USER_PATHS = NO;
				CLANG_ANALYZER_NONNULL = YES;
				CLANG_CXX_LANGUAGE_STANDARD = "gnu++0x";
				CLANG_CXX_LIBRARY = "libc++";
				CLANG_ENABLE_MODULES = YES;
				CLANG_ENABLE_OBJC_ARC = YES;
				CLANG_WARN_BOOL_CONVERSION = YES;
				CLANG_WARN_CONSTANT_CONVERSION = YES;
				CLANG_WARN_DIRECT_OBJC_ISA_USAGE = YES_ERROR;
				CLANG_WARN_EMPTY_BODY = YES;
				CLANG_WARN_ENUM_CONVERSION = YES;
				CLANG_WARN_INT_CONVERSION = YES;
				CLANG_WARN_OBJC_ROOT_CLASS = YES_ERROR;
				CLANG_WARN_UNREACHABLE_CODE = YES;
				CLANG_WARN__DUPLICATE_METHOD_MATCH = YES;
				"CODE_SIGN_IDENTITY[sdk=iphoneos*]" = "iPhone Developer";
				COPY_PHASE_STRIP = NO;
				DEBUG_INFORMATION_FORMAT = dwarf;
				ENABLE_STRICT_OBJC_MSGSEND = YES;
				ENABLE_TESTABILITY = YES;
				GCC_C_LANGUAGE_STANDARD = gnu99;
				GCC_DYNAMIC_NO_PIC = NO;
				GCC_NO_COMMON_BLOCKS = YES;
				GCC_OPTIMIZATION_LEVEL = 0;
				GCC_PREPROCESSOR_DEFINITIONS = (
					"DEBUG=1",
					"$(inherited)",
				);
				GCC_WARN_64_TO_32_BIT_CONVERSION = YES;
				GCC_WARN_ABOUT_RETURN_TYPE = YES_ERROR;
				GCC_WARN_UNDECLARED_SELECTOR = YES;
				GCC_WARN_UNINITIALIZED_AUTOS = YES_AGGRESSIVE;
				GCC_WARN_UNUSED_FUNCTION = YES;
				GCC_WARN_UNUSED_VARIABLE = YES;
				IPHONEOS_DEPLOYMENT_TARGET = 9.3;
				MTL_ENABLE_DEBUG_INFO = YES;
				ONLY_ACTIVE_ARCH = YES;
				SDKROOT = iphoneos;
				TARGETED_DEVICE_FAMILY = "1,2";
			};
			name = Debug;
		};
		BC408D011D6B181000EF278B /* Release */ = {
			isa = XCBuildConfiguration;
			buildSettings = {
				ALWAYS_SEARCH_USER_PATHS = NO;
				CLANG_ANALYZER_NONNULL = YES;
				CLANG_CXX_LANGUAGE_STANDARD = "gnu++0x";
				CLANG_CXX_LIBRARY = "libc++";
				CLANG_ENABLE_MODULES = YES;
				CLANG_ENABLE_OBJC_ARC = YES;
				CLANG_WARN_BOOL_CONVERSION = YES;
				CLANG_WARN_CONSTANT_CONVERSION = YES;
				CLANG_WARN_DIRECT_OBJC_ISA_USAGE = YES_ERROR;
				CLANG_WARN_EMPTY_BODY = YES;
				CLANG_WARN_ENUM_CONVERSION = YES;
				CLANG_WARN_INT_CONVERSION = YES;
				CLANG_WARN_OBJC_ROOT_CLASS = YES_ERROR;
				CLANG_WARN_UNREACHABLE_CODE = YES;
				CLANG_WARN__DUPLICATE_METHOD_MATCH = YES;
				"CODE_SIGN_IDENTITY[sdk=iphoneos*]" = "iPhone Developer";
				COPY_PHASE_STRIP = NO;
				DEBUG_INFORMATION_FORMAT = "dwarf-with-dsym";
				ENABLE_NS_ASSERTIONS = NO;
				ENABLE_STRICT_OBJC_MSGSEND = YES;
				GCC_C_LANGUAGE_STANDARD = gnu99;
				GCC_NO_COMMON_BLOCKS = YES;
				GCC_WARN_64_TO_32_BIT_CONVERSION = YES;
				GCC_WARN_ABOUT_RETURN_TYPE = YES_ERROR;
				GCC_WARN_UNDECLARED_SELECTOR = YES;
				GCC_WARN_UNINITIALIZED_AUTOS = YES_AGGRESSIVE;
				GCC_WARN_UNUSED_FUNCTION = YES;
				GCC_WARN_UNUSED_VARIABLE = YES;
				IPHONEOS_DEPLOYMENT_TARGET = 9.3;
				MTL_ENABLE_DEBUG_INFO = NO;
				SDKROOT = iphoneos;
				TARGETED_DEVICE_FAMILY = "1,2";
				VALIDATE_PRODUCT = YES;
			};
			name = Release;
		};
		BC408D031D6B181000EF278B /* Debug */ = {
			isa = XCBuildConfiguration;
			buildSettings = {
				ASSETCATALOG_COMPILER_APPICON_NAME = AppIcon;
				INFOPLIST_FILE = "UI进阶-控制器的创建-07控制器View的创建/Info.plist";
				LD_RUNPATH_SEARCH_PATHS = "$(inherited) @executable_path/Frameworks";
				PRODUCT_BUNDLE_IDENTIFIER = "cn.UI----------07---View---";
				PRODUCT_NAME = "$(TARGET_NAME)";
			};
			name = Debug;
		};
		BC408D041D6B181000EF278B /* Release */ = {
			isa = XCBuildConfiguration;
			buildSettings = {
				ASSETCATALOG_COMPILER_APPICON_NAME = AppIcon;
				INFOPLIST_FILE = "UI进阶-控制器的创建-07控制器View的创建/Info.plist";
				LD_RUNPATH_SEARCH_PATHS = "$(inherited) @executable_path/Frameworks";
				PRODUCT_BUNDLE_IDENTIFIER = "cn.UI----------07---View---";
				PRODUCT_NAME = "$(TARGET_NAME)";
			};
			name = Release;
		};
		BC408D061D6B181000EF278B /* Debug */ = {
			isa = XCBuildConfiguration;
			buildSettings = {
				BUNDLE_LOADER = "$(TEST_HOST)";
				INFOPLIST_FILE = "UI进阶-控制器的创建-07控制器View的创建Tests/Info.plist";
				LD_RUNPATH_SEARCH_PATHS = "$(inherited) @executable_path/Frameworks @loader_path/Frameworks";
				PRODUCT_BUNDLE_IDENTIFIER = "cn.UI----------07---View---Tests";
				PRODUCT_NAME = "$(TARGET_NAME)";
				TEST_HOST = "$(BUILT_PRODUCTS_DIR)/UI进阶-控制器的创建-07控制器View的创建.app/UI进阶-控制器的创建-07控制器View的创建";
			};
			name = Debug;
		};
		BC408D071D6B181000EF278B /* Release */ = {
			isa = XCBuildConfiguration;
			buildSettings = {
				BUNDLE_LOADER = "$(TEST_HOST)";
				INFOPLIST_FILE = "UI进阶-控制器的创建-07控制器View的创建Tests/Info.plist";
				LD_RUNPATH_SEARCH_PATHS = "$(inherited) @executable_path/Frameworks @loader_path/Frameworks";
				PRODUCT_BUNDLE_IDENTIFIER = "cn.UI----------07---View---Tests";
				PRODUCT_NAME = "$(TARGET_NAME)";
				TEST_HOST = "$(BUILT_PRODUCTS_DIR)/UI进阶-控制器的创建-07控制器View的创建.app/UI进阶-控制器的创建-07控制器View的创建";
			};
			name = Release;
		};
		BC408D091D6B181000EF278B /* Debug */ = {
			isa = XCBuildConfiguration;
			buildSettings = {
				INFOPLIST_FILE = "UI进阶-控制器的创建-07控制器View的创建UITests/Info.plist";
				LD_RUNPATH_SEARCH_PATHS = "$(inherited) @executable_path/Frameworks @loader_path/Frameworks";
				PRODUCT_BUNDLE_IDENTIFIER = "cn.UI----------07---View---UITests";
				PRODUCT_NAME = "$(TARGET_NAME)";
				TEST_TARGET_NAME = "UI进阶-控制器的创建-07控制器View的创建";
			};
			name = Debug;
		};
		BC408D0A1D6B181000EF278B /* Release */ = {
			isa = XCBuildConfiguration;
			buildSettings = {
				INFOPLIST_FILE = "UI进阶-控制器的创建-07控制器View的创建UITests/Info.plist";
				LD_RUNPATH_SEARCH_PATHS = "$(inherited) @executable_path/Frameworks @loader_path/Frameworks";
				PRODUCT_BUNDLE_IDENTIFIER = "cn.UI----------07---View---UITests";
				PRODUCT_NAME = "$(TARGET_NAME)";
				TEST_TARGET_NAME = "UI进阶-控制器的创建-07控制器View的创建";
			};
			name = Release;
		};
/* End XCBuildConfiguration section */

/* Begin XCConfigurationList section */
		BC408CD01D6B181000EF278B /* Build configuration list for PBXProject "UI进阶-控制器的创建-07控制器View的创建" */ = {
			isa = XCConfigurationList;
			buildConfigurations = (
				BC408D001D6B181000EF278B /* Debug */,
				BC408D011D6B181000EF278B /* Release */,
			);
			defaultConfigurationIsVisible = 0;
			defaultConfigurationName = Release;
		};
		BC408D021D6B181000EF278B /* Build configuration list for PBXNativeTarget "UI进阶-控制器的创建-07控制器View的创建" */ = {
			isa = XCConfigurationList;
			buildConfigurations = (
				BC408D031D6B181000EF278B /* Debug */,
				BC408D041D6B181000EF278B /* Release */,
			);
			defaultConfigurationIsVisible = 0;
		};
		BC408D051D6B181000EF278B /* Build configuration list for PBXNativeTarget "UI进阶-控制器的创建-07控制器View的创建Tests" */ = {
			isa = XCConfigurationList;
			buildConfigurations = (
				BC408D061D6B181000EF278B /* Debug */,
				BC408D071D6B181000EF278B /* Release */,
			);
			defaultConfigurationIsVisible = 0;
		};
		BC408D081D6B181000EF278B /* Build configuration list for PBXNativeTarget "UI进阶-控制器的创建-07控制器View的创建UITests" */ = {
			isa = XCConfigurationList;
			buildConfigurations = (
				BC408D091D6B181000EF278B /* Debug */,
				BC408D0A1D6B181000EF278B /* Release */,
			);
			defaultConfigurationIsVisible = 0;
		};
/* End XCConfigurationList section */
	};
	rootObject = BC408CCD1D6B181000EF278B /* Project object */;
}
