// !$*UTF8*$!
{
	archiveVersion = 1;
	classes = {
	};
	objectVersion = 46;
	objects = {

/* Begin PBXBuildFile section */
		BC408D191D6B1F8B00EF278B /* main.m in Sources */ = {isa = PBXBuildFile; fileRef = BC408D181D6B1F8B00EF278B /* main.m */; };
		BC408D1C1D6B1F8B00EF278B /* AppDelegate.m in Sources */ = {isa = PBXBuildFile; fileRef = BC408D1B1D6B1F8B00EF278B /* AppDelegate.m */; };
		BC408D1F1D6B1F8B00EF278B /* ViewController.m in Sources */ = {isa = PBXBuildFile; fileRef = BC408D1E1D6B1F8B00EF278B /* ViewController.m */; };
		BC408D221D6B1F8B00EF278B /* Main.storyboard in Resources */ = {isa = PBXBuildFile; fileRef = BC408D201D6B1F8B00EF278B /* Main.storyboard */; };
		BC408D241D6B1F8B00EF278B /* Assets.xcassets in Resources */ = {isa = PBXBuildFile; fileRef = BC408D231D6B1F8B00EF278B /* Assets.xcassets */; };
		BC408D271D6B1F8B00EF278B /* LaunchScreen.storyboard in Resources */ = {isa = PBXBuildFile; fileRef = BC408D251D6B1F8B00EF278B /* LaunchScreen.storyboard */; };
		BC408D321D6B1F8B00EF278B /* UI__________08___View____Xib_Tests.m in Sources */ = {isa = PBXBuildFile; fileRef = BC408D311D6B1F8B00EF278B /* UI__________08___View____Xib_Tests.m */; };
		BC408D3D1D6B1F8B00EF278B /* UI__________08___View____Xib_UITests.m in Sources */ = {isa = PBXBuildFile; fileRef = BC408D3C1D6B1F8B00EF278B /* UI__________08___View____Xib_UITests.m */; };
		BC408D4B1D6B1FEA00EF278B /* ViewController.xib in Resources */ = {isa = PBXBuildFile; fileRef = BC408D4A1D6B1FEA00EF278B /* ViewController.xib */; };
/* End PBXBuildFile section */

/* Begin PBXContainerItemProxy section */
		BC408D2E1D6B1F8B00EF278B /* PBXContainerItemProxy */ = {
			isa = PBXContainerItemProxy;
			containerPortal = BC408D0C1D6B1F8B00EF278B /* Project object */;
			proxyType = 1;
			remoteGlobalIDString = BC408D131D6B1F8B00EF278B;
			remoteInfo = "UI进阶-控制器的创建-08控制器View的创建(Xib)";
		};
		BC408D391D6B1F8B00EF278B /* PBXContainerItemProxy */ = {
			isa = PBXContainerItemProxy;
			containerPortal = BC408D0C1D6B1F8B00EF278B /* Project object */;
			proxyType = 1;
			remoteGlobalIDString = BC408D131D6B1F8B00EF278B;
			remoteInfo = "UI进阶-控制器的创建-08控制器View的创建(Xib)";
		};
/* End PBXContainerItemProxy section */

/* Begin PBXFileReference section */
		BC408D141D6B1F8B00EF278B /* UI进阶-控制器的创建-08控制器View的创建(Xib).app */ = {isa = PBXFileReference; explicitFileType = wrapper.application; includeInIndex = 0; path = "UI进阶-控制器的创建-08控制器View的创建(Xib).app"; sourceTree = BUILT_PRODUCTS_DIR; };
		BC408D181D6B1F8B00EF278B /* main.m */ = {isa = PBXFileReference; lastKnownFileType = sourcecode.c.objc; path = main.m; sourceTree = "<group>"; };
		BC408D1A1D6B1F8B00EF278B /* AppDelegate.h */ = {isa = PBXFileReference; lastKnownFileType = sourcecode.c.h; path = AppDelegate.h; sourceTree = "<group>"; };
		BC408D1B1D6B1F8B00EF278B /* AppDelegate.m */ = {isa = PBXFileReference; lastKnownFileType = sourcecode.c.objc; path = AppDelegate.m; sourceTree = "<group>"; };
		BC408D1D1D6B1F8B00EF278B /* ViewController.h */ = {isa = PBXFileReference; lastKnownFileType = sourcecode.c.h; path = ViewController.h; sourceTree = "<group>"; };
		BC408D1E1D6B1F8B00EF278B /* ViewController.m */ = {isa = PBXFileReference; lastKnownFileType = sourcecode.c.objc; path = ViewController.m; sourceTree = "<group>"; };
		BC408D211D6B1F8B00EF278B /* Base */ = {isa = PBXFileReference; lastKnownFileType = file.storyboard; name = Base; path = Base.lproj/Main.storyboard; sourceTree = "<group>"; };
		BC408D231D6B1F8B00EF278B /* Assets.xcassets */ = {isa = PBXFileReference; lastKnownFileType = folder.assetcatalog; path = Assets.xcassets; sourceTree = "<group>"; };
		BC408D261D6B1F8B00EF278B /* Base */ = {isa = PBXFileReference; lastKnownFileType = file.storyboard; name = Base; path = Base.lproj/LaunchScreen.storyboard; sourceTree = "<group>"; };
		BC408D281D6B1F8B00EF278B /* Info.plist */ = {isa = PBXFileReference; lastKnownFileType = text.plist.xml; path = Info.plist; sourceTree = "<group>"; };
		BC408D2D1D6B1F8B00EF278B /* UI进阶-控制器的创建-08控制器View的创建(Xib)Tests.xctest */ = {isa = PBXFileReference; explicitFileType = wrapper.cfbundle; includeInIndex = 0; path = "UI进阶-控制器的创建-08控制器View的创建(Xib)Tests.xctest"; sourceTree = BUILT_PRODUCTS_DIR; };
		BC408D311D6B1F8B00EF278B /* UI__________08___View____Xib_Tests.m */ = {isa = PBXFileReference; lastKnownFileType = sourcecode.c.objc; path = "UI__________08___View____Xib_Tests.m"; sourceTree = "<group>"; };
		BC408D331D6B1F8B00EF278B /* Info.plist */ = {isa = PBXFileReference; lastKnownFileType = text.plist.xml; path = Info.plist; sourceTree = "<group>"; };
		BC408D381D6B1F8B00EF278B /* UI进阶-控制器的创建-08控制器View的创建(Xib)UITests.xctest */ = {isa = PBXFileReference; explicitFileType = wrapper.cfbundle; includeInIndex = 0; path = "UI进阶-控制器的创建-08控制器View的创建(Xib)UITests.xctest"; sourceTree = BUILT_PRODUCTS_DIR; };
		BC408D3C1D6B1F8B00EF278B /* UI__________08___View____Xib_UITests.m */ = {isa = PBXFileReference; lastKnownFileType = sourcecode.c.objc; path = "UI__________08___View____Xib_UITests.m"; sourceTree = "<group>"; };
		BC408D3E1D6B1F8B00EF278B /* Info.plist */ = {isa = PBXFileReference; lastKnownFileType = text.plist.xml; path = Info.plist; sourceTree = "<group>"; };
		BC408D4A1D6B1FEA00EF278B /* ViewController.xib */ = {isa = PBXFileReference; fileEncoding = 4; lastKnownFileType = file.xib; path = ViewController.xib; sourceTree = "<group>"; };
/* End PBXFileReference section */

/* Begin PBXFrameworksBuildPhase section */
		BC408D111D6B1F8B00EF278B /* Frameworks */ = {
			isa = PBXFrameworksBuildPhase;
			buildActionMask = 2147483647;
			files = (
			);
			runOnlyForDeploymentPostprocessing = 0;
		};
		BC408D2A1D6B1F8B00EF278B /* Frameworks */ = {
			isa = PBXFrameworksBuildPhase;
			buildActionMask = 2147483647;
			files = (
			);
			runOnlyForDeploymentPostprocessing = 0;
		};
		BC408D351D6B1F8B00EF278B /* Frameworks */ = {
			isa = PBXFrameworksBuildPhase;
			buildActionMask = 2147483647;
			files = (
			);
			runOnlyForDeploymentPostprocessing = 0;
		};
/* End PBXFrameworksBuildPhase section */

/* Begin PBXGroup section */
		BC408D0B1D6B1F8B00EF278B = {
			isa = PBXGroup;
			children = (
				BC408D161D6B1F8B00EF278B /* UI进阶-控制器的创建-08控制器View的创建(Xib) */,
				BC408D301D6B1F8B00EF278B /* UI进阶-控制器的创建-08控制器View的创建(Xib)Tests */,
				BC408D3B1D6B1F8B00EF278B /* UI进阶-控制器的创建-08控制器View的创建(Xib)UITests */,
				BC408D151D6B1F8B00EF278B /* Products */,
			);
			sourceTree = "<group>";
		};
		BC408D151D6B1F8B00EF278B /* Products */ = {
			isa = PBXGroup;
			children = (
				BC408D141D6B1F8B00EF278B /* UI进阶-控制器的创建-08控制器View的创建(Xib).app */,
				BC408D2D1D6B1F8B00EF278B /* UI进阶-控制器的创建-08控制器View的创建(Xib)Tests.xctest */,
				BC408D381D6B1F8B00EF278B /* UI进阶-控制器的创建-08控制器View的创建(Xib)UITests.xctest */,
			);
			name = Products;
			sourceTree = "<group>";
		};
		BC408D161D6B1F8B00EF278B /* UI进阶-控制器的创建-08控制器View的创建(Xib) */ = {
			isa = PBXGroup;
			children = (
				BC408D1A1D6B1F8B00EF278B /* AppDelegate.h */,
				BC408D1B1D6B1F8B00EF278B /* AppDelegate.m */,
				BC408D4A1D6B1FEA00EF278B /* ViewController.xib */,
				BC408D1D1D6B1F8B00EF278B /* ViewController.h */,
				BC408D1E1D6B1F8B00EF278B /* ViewController.m */,
				BC408D201D6B1F8B00EF278B /* Main.storyboard */,
				BC408D231D6B1F8B00EF278B /* Assets.xcassets */,
				BC408D251D6B1F8B00EF278B /* LaunchScreen.storyboard */,
				BC408D281D6B1F8B00EF278B /* Info.plist */,
				BC408D171D6B1F8B00EF278B /* Supporting Files */,
			);
			path = "UI进阶-控制器的创建-08控制器View的创建(Xib)";
			sourceTree = "<group>";
		};
		BC408D171D6B1F8B00EF278B /* Supporting Files */ = {
			isa = PBXGroup;
			children = (
				BC408D181D6B1F8B00EF278B /* main.m */,
			);
			name = "Supporting Files";
			sourceTree = "<group>";
		};
		BC408D301D6B1F8B00EF278B /* UI进阶-控制器的创建-08控制器View的创建(Xib)Tests */ = {
			isa = PBXGroup;
			children = (
				BC408D311D6B1F8B00EF278B /* UI__________08___View____Xib_Tests.m */,
				BC408D331D6B1F8B00EF278B /* Info.plist */,
			);
			path = "UI进阶-控制器的创建-08控制器View的创建(Xib)Tests";
			sourceTree = "<group>";
		};
		BC408D3B1D6B1F8B00EF278B /* UI进阶-控制器的创建-08控制器View的创建(Xib)UITests */ = {
			isa = PBXGroup;
			children = (
				BC408D3C1D6B1F8B00EF278B /* UI__________08___View____Xib_UITests.m */,
				BC408D3E1D6B1F8B00EF278B /* Info.plist */,
			);
			path = "UI进阶-控制器的创建-08控制器View的创建(Xib)UITests";
			sourceTree = "<group>";
		};
/* End PBXGroup section */

/* Begin PBXNativeTarget section */
		BC408D131D6B1F8B00EF278B /* UI进阶-控制器的创建-08控制器View的创建(Xib) */ = {
			isa = PBXNativeTarget;
			buildConfigurationList = BC408D411D6B1F8B00EF278B /* Build configuration list for PBXNativeTarget "UI进阶-控制器的创建-08控制器View的创建(Xib)" */;
			buildPhases = (
				BC408D101D6B1F8B00EF278B /* Sources */,
				BC408D111D6B1F8B00EF278B /* Frameworks */,
				BC408D121D6B1F8B00EF278B /* Resources */,
			);
			buildRules = (
			);
			dependencies = (
			);
			name = "UI进阶-控制器的创建-08控制器View的创建(Xib)";
			productName = "UI进阶-控制器的创建-08控制器View的创建(Xib)";
			productReference = BC408D141D6B1F8B00EF278B /* UI进阶-控制器的创建-08控制器View的创建(Xib).app */;
			productType = "com.apple.product-type.application";
		};
		BC408D2C1D6B1F8B00EF278B /* UI进阶-控制器的创建-08控制器View的创建(Xib)Tests */ = {
			isa = PBXNativeTarget;
			buildConfigurationList = BC408D441D6B1F8B00EF278B /* Build configuration list for PBXNativeTarget "UI进阶-控制器的创建-08控制器View的创建(Xib)Tests" */;
			buildPhases = (
				BC408D291D6B1F8B00EF278B /* Sources */,
				BC408D2A1D6B1F8B00EF278B /* Frameworks */,
				BC408D2B1D6B1F8B00EF278B /* Resources */,
			);
			buildRules = (
			);
			dependencies = (
				BC408D2F1D6B1F8B00EF278B /* PBXTargetDependency */,
			);
			name = "UI进阶-控制器的创建-08控制器View的创建(Xib)Tests";
			productName = "UI进阶-控制器的创建-08控制器View的创建(Xib)Tests";
			productReference = BC408D2D1D6B1F8B00EF278B /* UI进阶-控制器的创建-08控制器View的创建(Xib)Tests.xctest */;
			productType = "com.apple.product-type.bundle.unit-test";
		};
		BC408D371D6B1F8B00EF278B /* UI进阶-控制器的创建-08控制器View的创建(Xib)UITests */ = {
			isa = PBXNativeTarget;
			buildConfigurationList = BC408D471D6B1F8B00EF278B /* Build configuration list for PBXNativeTarget "UI进阶-控制器的创建-08控制器View的创建(Xib)UITests" */;
			buildPhases = (
				BC408D341D6B1F8B00EF278B /* Sources */,
				BC408D351D6B1F8B00EF278B /* Frameworks */,
				BC408D361D6B1F8B00EF278B /* Resources */,
			);
			buildRules = (
			);
			dependencies = (
				BC408D3A1D6B1F8B00EF278B /* PBXTargetDependency */,
			);
			name = "UI进阶-控制器的创建-08控制器View的创建(Xib)UITests";
			productName = "UI进阶-控制器的创建-08控制器View的创建(Xib)UITests";
			productReference = BC408D381D6B1F8B00EF278B /* UI进阶-控制器的创建-08控制器View的创建(Xib)UITests.xctest */;
			productType = "com.apple.product-type.bundle.ui-testing";
		};
/* End PBXNativeTarget section */

/* Begin PBXProject section */
		BC408D0C1D6B1F8B00EF278B /* Project object */ = {
			isa = PBXProject;
			attributes = {
				LastUpgradeCheck = 0730;
				ORGANIZATIONNAME = liser;
				TargetAttributes = {
					BC408D131D6B1F8B00EF278B = {
						CreatedOnToolsVersion = 7.3.1;
					};
					BC408D2C1D6B1F8B00EF278B = {
						CreatedOnToolsVersion = 7.3.1;
						TestTargetID = BC408D131D6B1F8B00EF278B;
					};
					BC408D371D6B1F8B00EF278B = {
						CreatedOnToolsVersion = 7.3.1;
						TestTargetID = BC408D131D6B1F8B00EF278B;
					};
				};
			};
			buildConfigurationList = BC408D0F1D6B1F8B00EF278B /* Build configuration list for PBXProject "UI进阶-控制器的创建-08控制器View的创建(Xib)" */;
			compatibilityVersion = "Xcode 3.2";
			developmentRegion = English;
			hasScannedForEncodings = 0;
			knownRegions = (
				en,
				Base,
			);
			mainGroup = BC408D0B1D6B1F8B00EF278B;
			productRefGroup = BC408D151D6B1F8B00EF278B /* Products */;
			projectDirPath = "";
			projectRoot = "";
			targets = (
				BC408D131D6B1F8B00EF278B /* UI进阶-控制器的创建-08控制器View的创建(Xib) */,
				BC408D2C1D6B1F8B00EF278B /* UI进阶-控制器的创建-08控制器View的创建(Xib)Tests */,
				BC408D371D6B1F8B00EF278B /* UI进阶-控制器的创建-08控制器View的创建(Xib)UITests */,
			);
		};
/* End PBXProject section */

/* Begin PBXResourcesBuildPhase section */
		BC408D121D6B1F8B00EF278B /* Resources */ = {
			isa = PBXResourcesBuildPhase;
			buildActionMask = 2147483647;
			files = (
				BC408D271D6B1F8B00EF278B /* LaunchScreen.storyboard in Resources */,
				BC408D241D6B1F8B00EF278B /* Assets.xcassets in Resources */,
				BC408D4B1D6B1FEA00EF278B /* ViewController.xib in Resources */,
				BC408D221D6B1F8B00EF278B /* Main.storyboard in Resources */,
			);
			runOnlyForDeploymentPostprocessing = 0;
		};
		BC408D2B1D6B1F8B00EF278B /* Resources */ = {
			isa = PBXResourcesBuildPhase;
			buildActionMask = 2147483647;
			files = (
			);
			runOnlyForDeploymentPostprocessing = 0;
		};
		BC408D361D6B1F8B00EF278B /* Resources */ = {
			isa = PBXResourcesBuildPhase;
			buildActionMask = 2147483647;
			files = (
			);
			runOnlyForDeploymentPostprocessing = 0;
		};
/* End PBXResourcesBuildPhase section */

/* Begin PBXSourcesBuildPhase section */
		BC408D101D6B1F8B00EF278B /* Sources */ = {
			isa = PBXSourcesBuildPhase;
			buildActionMask = 2147483647;
			files = (
				BC408D1F1D6B1F8B00EF278B /* ViewController.m in Sources */,
				BC408D1C1D6B1F8B00EF278B /* AppDelegate.m in Sources */,
				BC408D191D6B1F8B00EF278B /* main.m in Sources */,
			);
			runOnlyForDeploymentPostprocessing = 0;
		};
		BC408D291D6B1F8B00EF278B /* Sources */ = {
			isa = PBXSourcesBuildPhase;
			buildActionMask = 2147483647;
			files = (
				BC408D321D6B1F8B00EF278B /* UI__________08___View____Xib_Tests.m in Sources */,
			);
			runOnlyForDeploymentPostprocessing = 0;
		};
		BC408D341D6B1F8B00EF278B /* Sources */ = {
			isa = PBXSourcesBuildPhase;
			buildActionMask = 2147483647;
			files = (
				BC408D3D1D6B1F8B00EF278B /* UI__________08___View____Xib_UITests.m in Sources */,
			);
			runOnlyForDeploymentPostprocessing = 0;
		};
/* End PBXSourcesBuildPhase section */

/* Begin PBXTargetDependency section */
		BC408D2F1D6B1F8B00EF278B /* PBXTargetDependency */ = {
			isa = PBXTargetDependency;
			target = BC408D131D6B1F8B00EF278B /* UI进阶-控制器的创建-08控制器View的创建(Xib) */;
			targetProxy = BC408D2E1D6B1F8B00EF278B /* PBXContainerItemProxy */;
		};
		BC408D3A1D6B1F8B00EF278B /* PBXTargetDependency */ = {
			isa = PBXTargetDependency;
			target = BC408D131D6B1F8B00EF278B /* UI进阶-控制器的创建-08控制器View的创建(Xib) */;
			targetProxy = BC408D391D6B1F8B00EF278B /* PBXContainerItemProxy */;
		};
/* End PBXTargetDependency section */

/* Begin PBXVariantGroup section */
		BC408D201D6B1F8B00EF278B /* Main.storyboard */ = {
			isa = PBXVariantGroup;
			children = (
				BC408D211D6B1F8B00EF278B /* Base */,
			);
			name = Main.storyboard;
			sourceTree = "<group>";
		};
		BC408D251D6B1F8B00EF278B /* LaunchScreen.storyboard */ = {
			isa = PBXVariantGroup;
			children = (
				BC408D261D6B1F8B00EF278B /* Base */,
			);
			name = LaunchScreen.storyboard;
			sourceTree = "<group>";
		};
/* End PBXVariantGroup section */

/* Begin XCBuildConfiguration section */
		BC408D3F1D6B1F8B00EF278B /* Debug */ = {
			isa = XCBuildConfiguration;
			buildSettings = {
				ALWAYS_SEARCH_USER_PATHS = NO;
				CLANG_ANALYZER_NONNULL = YES;
				CLANG_CXX_LANGUAGE_STANDARD = "gnu++0x";
				CLANG_CXX_LIBRARY = "libc++";
				CLANG_ENABLE_MODULES = YES;
				CLANG_ENABLE_OBJC_ARC = YES;
				CLANG_WARN_BOOL_CONVERSION = YES;
				CLANG_WARN_CONSTANT_CONVERSION = YES;
				CLANG_WARN_DIRECT_OBJC_ISA_USAGE = YES_ERROR;
				CLANG_WARN_EMPTY_BODY = YES;
				CLANG_WARN_ENUM_CONVERSION = YES;
				CLANG_WARN_INT_CONVERSION = YES;
				CLANG_WARN_OBJC_ROOT_CLASS = YES_ERROR;
				CLANG_WARN_UNREACHABLE_CODE = YES;
				CLANG_WARN__DUPLICATE_METHOD_MATCH = YES;
				"CODE_SIGN_IDENTITY[sdk=iphoneos*]" = "iPhone Developer";
				COPY_PHASE_STRIP = NO;
				DEBUG_INFORMATION_FORMAT = dwarf;
				ENABLE_STRICT_OBJC_MSGSEND = YES;
				ENABLE_TESTABILITY = YES;
				GCC_C_LANGUAGE_STANDARD = gnu99;
				GCC_DYNAMIC_NO_PIC = NO;
				GCC_NO_COMMON_BLOCKS = YES;
				GCC_OPTIMIZATION_LEVEL = 0;
				GCC_PREPROCESSOR_DEFINITIONS = (
					"DEBUG=1",
					"$(inherited)",
				);
				GCC_WARN_64_TO_32_BIT_CONVERSION = YES;
				GCC_WARN_ABOUT_RETURN_TYPE = YES_ERROR;
				GCC_WARN_UNDECLARED_SELECTOR = YES;
				GCC_WARN_UNINITIALIZED_AUTOS = YES_AGGRESSIVE;
				GCC_WARN_UNUSED_FUNCTION = YES;
				GCC_WARN_UNUSED_VARIABLE = YES;
				IPHONEOS_DEPLOYMENT_TARGET = 9.3;
				MTL_ENABLE_DEBUG_INFO = YES;
				ONLY_ACTIVE_ARCH = YES;
				SDKROOT = iphoneos;
				TARGETED_DEVICE_FAMILY = "1,2";
			};
			name = Debug;
		};
		BC408D401D6B1F8B00EF278B /* Release */ = {
			isa = XCBuildConfiguration;
			buildSettings = {
				ALWAYS_SEARCH_USER_PATHS = NO;
				CLANG_ANALYZER_NONNULL = YES;
				CLANG_CXX_LANGUAGE_STANDARD = "gnu++0x";
				CLANG_CXX_LIBRARY = "libc++";
				CLANG_ENABLE_MODULES = YES;
				CLANG_ENABLE_OBJC_ARC = YES;
				CLANG_WARN_BOOL_CONVERSION = YES;
				CLANG_WARN_CONSTANT_CONVERSION = YES;
				CLANG_WARN_DIRECT_OBJC_ISA_USAGE = YES_ERROR;
				CLANG_WARN_EMPTY_BODY = YES;
				CLANG_WARN_ENUM_CONVERSION = YES;
				CLANG_WARN_INT_CONVERSION = YES;
				CLANG_WARN_OBJC_ROOT_CLASS = YES_ERROR;
				CLANG_WARN_UNREACHABLE_CODE = YES;
				CLANG_WARN__DUPLICATE_METHOD_MATCH = YES;
				"CODE_SIGN_IDENTITY[sdk=iphoneos*]" = "iPhone Developer";
				COPY_PHASE_STRIP = NO;
				DEBUG_INFORMATION_FORMAT = "dwarf-with-dsym";
				ENABLE_NS_ASSERTIONS = NO;
				ENABLE_STRICT_OBJC_MSGSEND = YES;
				GCC_C_LANGUAGE_STANDARD = gnu99;
				GCC_NO_COMMON_BLOCKS = YES;
				GCC_WARN_64_TO_32_BIT_CONVERSION = YES;
				GCC_WARN_ABOUT_RETURN_TYPE = YES_ERROR;
				GCC_WARN_UNDECLARED_SELECTOR = YES;
				GCC_WARN_UNINITIALIZED_AUTOS = YES_AGGRESSIVE;
				GCC_WARN_UNUSED_FUNCTION = YES;
				GCC_WARN_UNUSED_VARIABLE = YES;
				IPHONEOS_DEPLOYMENT_TARGET = 9.3;
				MTL_ENABLE_DEBUG_INFO = NO;
				SDKROOT = iphoneos;
				TARGETED_DEVICE_FAMILY = "1,2";
				VALIDATE_PRODUCT = YES;
			};
			name = Release;
		};
		BC408D421D6B1F8B00EF278B /* Debug */ = {
			isa = XCBuildConfiguration;
			buildSettings = {
				ASSETCATALOG_COMPILER_APPICON_NAME = AppIcon;
				INFOPLIST_FILE = "UI进阶-控制器的创建-08控制器View的创建(Xib)/Info.plist";
				LD_RUNPATH_SEARCH_PATHS = "$(inherited) @executable_path/Frameworks";
				PRODUCT_BUNDLE_IDENTIFIER = "cn.UI----------08---View----Xib-";
				PRODUCT_NAME = "$(TARGET_NAME)";
			};
			name = Debug;
		};
		BC408D431D6B1F8B00EF278B /* Release */ = {
			isa = XCBuildConfiguration;
			buildSettings = {
				ASSETCATALOG_COMPILER_APPICON_NAME = AppIcon;
				INFOPLIST_FILE = "UI进阶-控制器的创建-08控制器View的创建(Xib)/Info.plist";
				LD_RUNPATH_SEARCH_PATHS = "$(inherited) @executable_path/Frameworks";
				PRODUCT_BUNDLE_IDENTIFIER = "cn.UI----------08---View----Xib-";
				PRODUCT_NAME = "$(TARGET_NAME)";
			};
			name = Release;
		};
		BC408D451D6B1F8B00EF278B /* Debug */ = {
			isa = XCBuildConfiguration;
			buildSettings = {
				BUNDLE_LOADER = "$(TEST_HOST)";
				INFOPLIST_FILE = "UI进阶-控制器的创建-08控制器View的创建(Xib)Tests/Info.plist";
				LD_RUNPATH_SEARCH_PATHS = "$(inherited) @executable_path/Frameworks @loader_path/Frameworks";
				PRODUCT_BUNDLE_IDENTIFIER = "cn.UI----------08---View----Xib-Tests";
				PRODUCT_NAME = "$(TARGET_NAME)";
				TEST_HOST = "$(BUILT_PRODUCTS_DIR)/UI进阶-控制器的创建-08控制器View的创建(Xib).app/UI进阶-控制器的创建-08控制器View的创建(Xib)";
			};
			name = Debug;
		};
		BC408D461D6B1F8B00EF278B /* Release */ = {
			isa = XCBuildConfiguration;
			buildSettings = {
				BUNDLE_LOADER = "$(TEST_HOST)";
				INFOPLIST_FILE = "UI进阶-控制器的创建-08控制器View的创建(Xib)Tests/Info.plist";
				LD_RUNPATH_SEARCH_PATHS = "$(inherited) @executable_path/Frameworks @loader_path/Frameworks";
				PRODUCT_BUNDLE_IDENTIFIER = "cn.UI----------08---View----Xib-Tests";
				PRODUCT_NAME = "$(TARGET_NAME)";
				TEST_HOST = "$(BUILT_PRODUCTS_DIR)/UI进阶-控制器的创建-08控制器View的创建(Xib).app/UI进阶-控制器的创建-08控制器View的创建(Xib)";
			};
			name = Release;
		};
		BC408D481D6B1F8B00EF278B /* Debug */ = {
			isa = XCBuildConfiguration;
			buildSettings = {
				INFOPLIST_FILE = "UI进阶-控制器的创建-08控制器View的创建(Xib)UITests/Info.plist";
				LD_RUNPATH_SEARCH_PATHS = "$(inherited) @executable_path/Frameworks @loader_path/Frameworks";
				PRODUCT_BUNDLE_IDENTIFIER = "cn.UI----------08---View----Xib-UITests";
				PRODUCT_NAME = "$(TARGET_NAME)";
				TEST_TARGET_NAME = "UI进阶-控制器的创建-08控制器View的创建(Xib)";
			};
			name = Debug;
		};
		BC408D491D6B1F8B00EF278B /* Release */ = {
			isa = XCBuildConfiguration;
			buildSettings = {
				INFOPLIST_FILE = "UI进阶-控制器的创建-08控制器View的创建(Xib)UITests/Info.plist";
				LD_RUNPATH_SEARCH_PATHS = "$(inherited) @executable_path/Frameworks @loader_path/Frameworks";
				PRODUCT_BUNDLE_IDENTIFIER = "cn.UI----------08---View----Xib-UITests";
				PRODUCT_NAME = "$(TARGET_NAME)";
				TEST_TARGET_NAME = "UI进阶-控制器的创建-08控制器View的创建(Xib)";
			};
			name = Release;
		};
/* End XCBuildConfiguration section */

/* Begin XCConfigurationList section */
		BC408D0F1D6B1F8B00EF278B /* Build configuration list for PBXProject "UI进阶-控制器的创建-08控制器View的创建(Xib)" */ = {
			isa = XCConfigurationList;
			buildConfigurations = (
				BC408D3F1D6B1F8B00EF278B /* Debug */,
				BC408D401D6B1F8B00EF278B /* Release */,
			);
			defaultConfigurationIsVisible = 0;
			defaultConfigurationName = Release;
		};
		BC408D411D6B1F8B00EF278B /* Build configuration list for PBXNativeTarget "UI进阶-控制器的创建-08控制器View的创建(Xib)" */ = {
			isa = XCConfigurationList;
			buildConfigurations = (
				BC408D421D6B1F8B00EF278B /* Debug */,
				BC408D431D6B1F8B00EF278B /* Release */,
			);
			defaultConfigurationIsVisible = 0;
		};
		BC408D441D6B1F8B00EF278B /* Build configuration list for PBXNativeTarget "UI进阶-控制器的创建-08控制器View的创建(Xib)Tests" */ = {
			isa = XCConfigurationList;
			buildConfigurations = (
				BC408D451D6B1F8B00EF278B /* Debug */,
				BC408D461D6B1F8B00EF278B /* Release */,
			);
			defaultConfigurationIsVisible = 0;
		};
		BC408D471D6B1F8B00EF278B /* Build configuration list for PBXNativeTarget "UI进阶-控制器的创建-08控制器View的创建(Xib)UITests" */ = {
			isa = XCConfigurationList;
			buildConfigurations = (
				BC408D481D6B1F8B00EF278B /* Debug */,
				BC408D491D6B1F8B00EF278B /* Release */,
			);
			defaultConfigurationIsVisible = 0;
		};
/* End XCConfigurationList section */
	};
	rootObject = BC408D0C1D6B1F8B00EF278B /* Project object */;
}
